// !$*UTF8*$!
{
	archiveVersion = 1;
	classes = {
	};
	objectVersion = 50;
	objects = {

/* Begin PBXBuildFile section */
		4FC6AF3A254AC21F00CA2CAC /* AppDelegate.m in Sources */ = {isa = PBXBuildFile; fileRef = 4FC6AF39254AC21F00CA2CAC /* AppDelegate.m */; };
		4FC6AF3D254AC21F00CA2CAC /* SceneDelegate.m in Sources */ = {isa = PBXBuildFile; fileRef = 4FC6AF3C254AC21F00CA2CAC /* SceneDelegate.m */; };
		4FC6AF40254AC21F00CA2CAC /* ViewController.m in Sources */ = {isa = PBXBuildFile; fileRef = 4FC6AF3F254AC21F00CA2CAC /* ViewController.m */; };
		4FC6AF43254AC21F00CA2CAC /* Main.storyboard in Resources */ = {isa = PBXBuildFile; fileRef = 4FC6AF41254AC21F00CA2CAC /* Main.storyboard */; };
		4FC6AF45254AC22300CA2CAC /* Assets.xcassets in Resources */ = {isa = PBXBuildFile; fileRef = 4FC6AF44254AC22300CA2CAC /* Assets.xcassets */; };
		4FC6AF48254AC22300CA2CAC /* LaunchScreen.storyboard in Resources */ = {isa = PBXBuildFile; fileRef = 4FC6AF46254AC22300CA2CAC /* LaunchScreen.storyboard */; };
		4FC6AF4B254AC22300CA2CAC /* main.m in Sources */ = {isa = PBXBuildFile; fileRef = 4FC6AF4A254AC22300CA2CAC /* main.m */; };
		4FC6AF55254AC22300CA2CAC /* objective_appTests.m in Sources */ = {isa = PBXBuildFile; fileRef = 4FC6AF54254AC22300CA2CAC /* objective_appTests.m */; };
		4FC6AF60254AC22400CA2CAC /* objective_appUITests.m in Sources */ = {isa = PBXBuildFile; fileRef = 4FC6AF5F254AC22400CA2CAC /* objective_appUITests.m */; };
		799A37269E58B4E1BB678D3C /* libPods-objective_app.a in Frameworks */ = {isa = PBXBuildFile; fileRef = 4F7E2D95D89B3248A535A141 /* libPods-objective_app.a */; };
/* End PBXBuildFile section */

/* Begin PBXContainerItemProxy section */
		4FC6AF51254AC22300CA2CAC /* PBXContainerItemProxy */ = {
			isa = PBXContainerItemProxy;
			containerPortal = 4FC6AF2D254AC21F00CA2CAC /* Project object */;
			proxyType = 1;
			remoteGlobalIDString = 4FC6AF34254AC21F00CA2CAC;
			remoteInfo = objective_app;
		};
		4FC6AF5C254AC22400CA2CAC /* PBXContainerItemProxy */ = {
			isa = PBXContainerItemProxy;
			containerPortal = 4FC6AF2D254AC21F00CA2CAC /* Project object */;
			proxyType = 1;
			remoteGlobalIDString = 4FC6AF34254AC21F00CA2CAC;
			remoteInfo = objective_app;
		};
/* End PBXContainerItemProxy section */

/* Begin PBXFileReference section */
		113695BED74360783025BF02 /* Pods-objective_app.debug.xcconfig */ = {isa = PBXFileReference; includeInIndex = 1; lastKnownFileType = text.xcconfig; name = "Pods-objective_app.debug.xcconfig"; path = "Target Support Files/Pods-objective_app/Pods-objective_app.debug.xcconfig"; sourceTree = "<group>"; };
		26A3F85BF17ABE2803938260 /* Pods-objective_app.release.xcconfig */ = {isa = PBXFileReference; includeInIndex = 1; lastKnownFileType = text.xcconfig; name = "Pods-objective_app.release.xcconfig"; path = "Target Support Files/Pods-objective_app/Pods-objective_app.release.xcconfig"; sourceTree = "<group>"; };
		4F7E2D95D89B3248A535A141 /* libPods-objective_app.a */ = {isa = PBXFileReference; explicitFileType = archive.ar; includeInIndex = 0; path = "libPods-objective_app.a"; sourceTree = BUILT_PRODUCTS_DIR; };
		4FC6AF35254AC21F00CA2CAC /* objective_app.app */ = {isa = PBXFileReference; explicitFileType = wrapper.application; includeInIndex = 0; path = objective_app.app; sourceTree = BUILT_PRODUCTS_DIR; };
		4FC6AF38254AC21F00CA2CAC /* AppDelegate.h */ = {isa = PBXFileReference; lastKnownFileType = sourcecode.c.h; path = AppDelegate.h; sourceTree = "<group>"; };
		4FC6AF39254AC21F00CA2CAC /* AppDelegate.m */ = {isa = PBXFileReference; lastKnownFileType = sourcecode.c.objc; path = AppDelegate.m; sourceTree = "<group>"; };
		4FC6AF3B254AC21F00CA2CAC /* SceneDelegate.h */ = {isa = PBXFileReference; lastKnownFileType = sourcecode.c.h; path = SceneDelegate.h; sourceTree = "<group>"; };
		4FC6AF3C254AC21F00CA2CAC /* SceneDelegate.m */ = {isa = PBXFileReference; lastKnownFileType = sourcecode.c.objc; path = SceneDelegate.m; sourceTree = "<group>"; };
		4FC6AF3E254AC21F00CA2CAC /* ViewController.h */ = {isa = PBXFileReference; lastKnownFileType = sourcecode.c.h; path = ViewController.h; sourceTree = "<group>"; };
		4FC6AF3F254AC21F00CA2CAC /* ViewController.m */ = {isa = PBXFileReference; lastKnownFileType = sourcecode.c.objc; path = ViewController.m; sourceTree = "<group>"; };
		4FC6AF42254AC21F00CA2CAC /* Base */ = {isa = PBXFileReference; lastKnownFileType = file.storyboard; name = Base; path = Base.lproj/Main.storyboard; sourceTree = "<group>"; };
		4FC6AF44254AC22300CA2CAC /* Assets.xcassets */ = {isa = PBXFileReference; lastKnownFileType = folder.assetcatalog; path = Assets.xcassets; sourceTree = "<group>"; };
		4FC6AF47254AC22300CA2CAC /* Base */ = {isa = PBXFileReference; lastKnownFileType = file.storyboard; name = Base; path = Base.lproj/LaunchScreen.storyboard; sourceTree = "<group>"; };
		4FC6AF49254AC22300CA2CAC /* Info.plist */ = {isa = PBXFileReference; lastKnownFileType = text.plist.xml; path = Info.plist; sourceTree = "<group>"; };
		4FC6AF4A254AC22300CA2CAC /* main.m */ = {isa = PBXFileReference; lastKnownFileType = sourcecode.c.objc; path = main.m; sourceTree = "<group>"; };
		4FC6AF50254AC22300CA2CAC /* objective_appTests.xctest */ = {isa = PBXFileReference; explicitFileType = wrapper.cfbundle; includeInIndex = 0; path = objective_appTests.xctest; sourceTree = BUILT_PRODUCTS_DIR; };
		4FC6AF54254AC22300CA2CAC /* objective_appTests.m */ = {isa = PBXFileReference; lastKnownFileType = sourcecode.c.objc; path = objective_appTests.m; sourceTree = "<group>"; };
		4FC6AF56254AC22300CA2CAC /* Info.plist */ = {isa = PBXFileReference; lastKnownFileType = text.plist.xml; path = Info.plist; sourceTree = "<group>"; };
		4FC6AF5B254AC22400CA2CAC /* objective_appUITests.xctest */ = {isa = PBXFileReference; explicitFileType = wrapper.cfbundle; includeInIndex = 0; path = objective_appUITests.xctest; sourceTree = BUILT_PRODUCTS_DIR; };
		4FC6AF5F254AC22400CA2CAC /* objective_appUITests.m */ = {isa = PBXFileReference; lastKnownFileType = sourcecode.c.objc; path = objective_appUITests.m; sourceTree = "<group>"; };
		4FC6AF61254AC22400CA2CAC /* Info.plist */ = {isa = PBXFileReference; lastKnownFileType = text.plist.xml; path = Info.plist; sourceTree = "<group>"; };
/* End PBXFileReference section */

/* Begin PBXFrameworksBuildPhase section */
		4FC6AF32254AC21F00CA2CAC /* Frameworks */ = {
			isa = PBXFrameworksBuildPhase;
			buildActionMask = 2147483647;
			files = (
				799A37269E58B4E1BB678D3C /* libPods-objective_app.a in Frameworks */,
			);
			runOnlyForDeploymentPostprocessing = 0;
		};
		4FC6AF4D254AC22300CA2CAC /* Frameworks */ = {
			isa = PBXFrameworksBuildPhase;
			buildActionMask = 2147483647;
			files = (
			);
			runOnlyForDeploymentPostprocessing = 0;
		};
		4FC6AF58254AC22400CA2CAC /* Frameworks */ = {
			isa = PBXFrameworksBuildPhase;
			buildActionMask = 2147483647;
			files = (
			);
			runOnlyForDeploymentPostprocessing = 0;
		};
/* End PBXFrameworksBuildPhase section */

/* Begin PBXGroup section */
		1FF46F851EB27B085AE1DDF3 /* Frameworks */ = {
			isa = PBXGroup;
			children = (
				4F7E2D95D89B3248A535A141 /* libPods-objective_app.a */,
			);
			name = Frameworks;
			sourceTree = "<group>";
		};
		4FC6AF2C254AC21F00CA2CAC = {
			isa = PBXGroup;
			children = (
				4FC6AF37254AC21F00CA2CAC /* objective_app */,
				4FC6AF53254AC22300CA2CAC /* objective_appTests */,
				4FC6AF5E254AC22400CA2CAC /* objective_appUITests */,
				4FC6AF36254AC21F00CA2CAC /* Products */,
				9496AD1D804C749173FF0026 /* Pods */,
				1FF46F851EB27B085AE1DDF3 /* Frameworks */,
			);
			sourceTree = "<group>";
		};
		4FC6AF36254AC21F00CA2CAC /* Products */ = {
			isa = PBXGroup;
			children = (
				4FC6AF35254AC21F00CA2CAC /* objective_app.app */,
				4FC6AF50254AC22300CA2CAC /* objective_appTests.xctest */,
				4FC6AF5B254AC22400CA2CAC /* objective_appUITests.xctest */,
			);
			name = Products;
			sourceTree = "<group>";
		};
		4FC6AF37254AC21F00CA2CAC /* objective_app */ = {
			isa = PBXGroup;
			children = (
				4FC6AF38254AC21F00CA2CAC /* AppDelegate.h */,
				4FC6AF39254AC21F00CA2CAC /* AppDelegate.m */,
				4FC6AF3B254AC21F00CA2CAC /* SceneDelegate.h */,
				4FC6AF3C254AC21F00CA2CAC /* SceneDelegate.m */,
				4FC6AF3E254AC21F00CA2CAC /* ViewController.h */,
				4FC6AF3F254AC21F00CA2CAC /* ViewController.m */,
				4FC6AF41254AC21F00CA2CAC /* Main.storyboard */,
				4FC6AF44254AC22300CA2CAC /* Assets.xcassets */,
				4FC6AF46254AC22300CA2CAC /* LaunchScreen.storyboard */,
				4FC6AF49254AC22300CA2CAC /* Info.plist */,
				4FC6AF4A254AC22300CA2CAC /* main.m */,
			);
			path = objective_app;
			sourceTree = "<group>";
		};
		4FC6AF53254AC22300CA2CAC /* objective_appTests */ = {
			isa = PBXGroup;
			children = (
				4FC6AF54254AC22300CA2CAC /* objective_appTests.m */,
				4FC6AF56254AC22300CA2CAC /* Info.plist */,
			);
			path = objective_appTests;
			sourceTree = "<group>";
		};
		4FC6AF5E254AC22400CA2CAC /* objective_appUITests */ = {
			isa = PBXGroup;
			children = (
				4FC6AF5F254AC22400CA2CAC /* objective_appUITests.m */,
				4FC6AF61254AC22400CA2CAC /* Info.plist */,
			);
			path = objective_appUITests;
			sourceTree = "<group>";
		};
		9496AD1D804C749173FF0026 /* Pods */ = {
			isa = PBXGroup;
			children = (
				113695BED74360783025BF02 /* Pods-objective_app.debug.xcconfig */,
				26A3F85BF17ABE2803938260 /* Pods-objective_app.release.xcconfig */,
			);
			path = Pods;
			sourceTree = "<group>";
		};
/* End PBXGroup section */

/* Begin PBXNativeTarget section */
		4FC6AF34254AC21F00CA2CAC /* objective_app */ = {
			isa = PBXNativeTarget;
			buildConfigurationList = 4FC6AF64254AC22400CA2CAC /* Build configuration list for PBXNativeTarget "objective_app" */;
			buildPhases = (
				6F3828B8DD7CFA6855CA066D /* [CP] Check Pods Manifest.lock */,
				4FC6AF31254AC21F00CA2CAC /* Sources */,
				4FC6AF32254AC21F00CA2CAC /* Frameworks */,
				4FC6AF33254AC21F00CA2CAC /* Resources */,
			);
			buildRules = (
			);
			dependencies = (
			);
			name = objective_app;
			productName = objective_app;
			productReference = 4FC6AF35254AC21F00CA2CAC /* objective_app.app */;
			productType = "com.apple.product-type.application";
		};
		4FC6AF4F254AC22300CA2CAC /* objective_appTests */ = {
			isa = PBXNativeTarget;
			buildConfigurationList = 4FC6AF67254AC22400CA2CAC /* Build configuration list for PBXNativeTarget "objective_appTests" */;
			buildPhases = (
				4FC6AF4C254AC22300CA2CAC /* Sources */,
				4FC6AF4D254AC22300CA2CAC /* Frameworks */,
				4FC6AF4E254AC22300CA2CAC /* Resources */,
			);
			buildRules = (
			);
			dependencies = (
				4FC6AF52254AC22300CA2CAC /* PBXTargetDependency */,
			);
			name = objective_appTests;
			productName = objective_appTests;
			productReference = 4FC6AF50254AC22300CA2CAC /* objective_appTests.xctest */;
			productType = "com.apple.product-type.bundle.unit-test";
		};
		4FC6AF5A254AC22400CA2CAC /* objective_appUITests */ = {
			isa = PBXNativeTarget;
			buildConfigurationList = 4FC6AF6A254AC22400CA2CAC /* Build configuration list for PBXNativeTarget "objective_appUITests" */;
			buildPhases = (
				4FC6AF57254AC22400CA2CAC /* Sources */,
				4FC6AF58254AC22400CA2CAC /* Frameworks */,
				4FC6AF59254AC22400CA2CAC /* Resources */,
			);
			buildRules = (
			);
			dependencies = (
				4FC6AF5D254AC22400CA2CAC /* PBXTargetDependency */,
			);
			name = objective_appUITests;
			productName = objective_appUITests;
			productReference = 4FC6AF5B254AC22400CA2CAC /* objective_appUITests.xctest */;
			productType = "com.apple.product-type.bundle.ui-testing";
		};
/* End PBXNativeTarget section */

/* Begin PBXProject section */
		4FC6AF2D254AC21F00CA2CAC /* Project object */ = {
			isa = PBXProject;
			attributes = {
				LastUpgradeCheck = 1210;
				TargetAttributes = {
					4FC6AF34254AC21F00CA2CAC = {
						CreatedOnToolsVersion = 12.1;
					};
					4FC6AF4F254AC22300CA2CAC = {
						CreatedOnToolsVersion = 12.1;
						TestTargetID = 4FC6AF34254AC21F00CA2CAC;
					};
					4FC6AF5A254AC22400CA2CAC = {
						CreatedOnToolsVersion = 12.1;
						TestTargetID = 4FC6AF34254AC21F00CA2CAC;
					};
				};
			};
			buildConfigurationList = 4FC6AF30254AC21F00CA2CAC /* Build configuration list for PBXProject "objective_app" */;
			compatibilityVersion = "Xcode 9.3";
			developmentRegion = en;
			hasScannedForEncodings = 0;
			knownRegions = (
				en,
				Base,
			);
			mainGroup = 4FC6AF2C254AC21F00CA2CAC;
			productRefGroup = 4FC6AF36254AC21F00CA2CAC /* Products */;
			projectDirPath = "";
			projectRoot = "";
			targets = (
				4FC6AF34254AC21F00CA2CAC /* objective_app */,
				4FC6AF4F254AC22300CA2CAC /* objective_appTests */,
				4FC6AF5A254AC22400CA2CAC /* objective_appUITests */,
			);
		};
/* End PBXProject section */

/* Begin PBXResourcesBuildPhase section */
		4FC6AF33254AC21F00CA2CAC /* Resources */ = {
			isa = PBXResourcesBuildPhase;
			buildActionMask = 2147483647;
			files = (
				4FC6AF48254AC22300CA2CAC /* LaunchScreen.storyboard in Resources */,
				4FC6AF45254AC22300CA2CAC /* Assets.xcassets in Resources */,
				4FC6AF43254AC21F00CA2CAC /* Main.storyboard in Resources */,
			);
			runOnlyForDeploymentPostprocessing = 0;
		};
		4FC6AF4E254AC22300CA2CAC /* Resources */ = {
			isa = PBXResourcesBuildPhase;
			buildActionMask = 2147483647;
			files = (
			);
			runOnlyForDeploymentPostprocessing = 0;
		};
		4FC6AF59254AC22400CA2CAC /* Resources */ = {
			isa = PBXResourcesBuildPhase;
			buildActionMask = 2147483647;
			files = (
			);
			runOnlyForDeploymentPostprocessing = 0;
		};
/* End PBXResourcesBuildPhase section */

/* Begin PBXShellScriptBuildPhase section */
		6F3828B8DD7CFA6855CA066D /* [CP] Check Pods Manifest.lock */ = {
			isa = PBXShellScriptBuildPhase;
			buildActionMask = 2147483647;
			files = (
			);
			inputFileListPaths = (
			);
			inputPaths = (
				"${PODS_PODFILE_DIR_PATH}/Podfile.lock",
				"${PODS_ROOT}/Manifest.lock",
			);
			name = "[CP] Check Pods Manifest.lock";
			outputFileListPaths = (
			);
			outputPaths = (
				"$(DERIVED_FILE_DIR)/Pods-objective_app-checkManifestLockResult.txt",
			);
			runOnlyForDeploymentPostprocessing = 0;
			shellPath = /bin/sh;
			shellScript = "diff \"${PODS_PODFILE_DIR_PATH}/Podfile.lock\" \"${PODS_ROOT}/Manifest.lock\" > /dev/null\nif [ $? != 0 ] ; then\n    # print error to STDERR\n    echo \"error: The sandbox is not in sync with the Podfile.lock. Run 'pod install' or update your CocoaPods installation.\" >&2\n    exit 1\nfi\n# This output is used by Xcode 'outputs' to avoid re-running this script phase.\necho \"SUCCESS\" > \"${SCRIPT_OUTPUT_FILE_0}\"\n";
			showEnvVarsInLog = 0;
		};
/* End PBXShellScriptBuildPhase section */

/* Begin PBXSourcesBuildPhase section */
		4FC6AF31254AC21F00CA2CAC /* Sources */ = {
			isa = PBXSourcesBuildPhase;
			buildActionMask = 2147483647;
			files = (
				4FC6AF40254AC21F00CA2CAC /* ViewController.m in Sources */,
				4FC6AF3A254AC21F00CA2CAC /* AppDelegate.m in Sources */,
				4FC6AF4B254AC22300CA2CAC /* main.m in Sources */,
				4FC6AF3D254AC21F00CA2CAC /* SceneDelegate.m in Sources */,
			);
			runOnlyForDeploymentPostprocessing = 0;
		};
		4FC6AF4C254AC22300CA2CAC /* Sources */ = {
			isa = PBXSourcesBuildPhase;
			buildActionMask = 2147483647;
			files = (
				4FC6AF55254AC22300CA2CAC /* objective_appTests.m in Sources */,
			);
			runOnlyForDeploymentPostprocessing = 0;
		};
		4FC6AF57254AC22400CA2CAC /* Sources */ = {
			isa = PBXSourcesBuildPhase;
			buildActionMask = 2147483647;
			files = (
				4FC6AF60254AC22400CA2CAC /* objective_appUITests.m in Sources */,
			);
			runOnlyForDeploymentPostprocessing = 0;
		};
/* End PBXSourcesBuildPhase section */

/* Begin PBXTargetDependency section */
		4FC6AF52254AC22300CA2CAC /* PBXTargetDependency */ = {
			isa = PBXTargetDependency;
			target = 4FC6AF34254AC21F00CA2CAC /* objective_app */;
			targetProxy = 4FC6AF51254AC22300CA2CAC /* PBXContainerItemProxy */;
		};
		4FC6AF5D254AC22400CA2CAC /* PBXTargetDependency */ = {
			isa = PBXTargetDependency;
			target = 4FC6AF34254AC21F00CA2CAC /* objective_app */;
			targetProxy = 4FC6AF5C254AC22400CA2CAC /* PBXContainerItemProxy */;
		};
/* End PBXTargetDependency section */

/* Begin PBXVariantGroup section */
		4FC6AF41254AC21F00CA2CAC /* Main.storyboard */ = {
			isa = PBXVariantGroup;
			children = (
				4FC6AF42254AC21F00CA2CAC /* Base */,
			);
			name = Main.storyboard;
			sourceTree = "<group>";
		};
		4FC6AF46254AC22300CA2CAC /* LaunchScreen.storyboard */ = {
			isa = PBXVariantGroup;
			children = (
				4FC6AF47254AC22300CA2CAC /* Base */,
			);
			name = LaunchScreen.storyboard;
			sourceTree = "<group>";
		};
/* End PBXVariantGroup section */

/* Begin XCBuildConfiguration section */
		4FC6AF62254AC22400CA2CAC /* Debug */ = {
			isa = XCBuildConfiguration;
			buildSettings = {
				ALWAYS_SEARCH_USER_PATHS = NO;
				CLANG_ANALYZER_NONNULL = YES;
				CLANG_ANALYZER_NUMBER_OBJECT_CONVERSION = YES_AGGRESSIVE;
				CLANG_CXX_LANGUAGE_STANDARD = "gnu++14";
				CLANG_CXX_LIBRARY = "libc++";
				CLANG_ENABLE_MODULES = YES;
				CLANG_ENABLE_OBJC_ARC = YES;
				CLANG_ENABLE_OBJC_WEAK = YES;
				CLANG_WARN_BLOCK_CAPTURE_AUTORELEASING = YES;
				CLANG_WARN_BOOL_CONVERSION = YES;
				CLANG_WARN_COMMA = YES;
				CLANG_WARN_CONSTANT_CONVERSION = YES;
				CLANG_WARN_DEPRECATED_OBJC_IMPLEMENTATIONS = YES;
				CLANG_WARN_DIRECT_OBJC_ISA_USAGE = YES_ERROR;
				CLANG_WARN_DOCUMENTATION_COMMENTS = YES;
				CLANG_WARN_EMPTY_BODY = YES;
				CLANG_WARN_ENUM_CONVERSION = YES;
				CLANG_WARN_INFINITE_RECURSION = YES;
				CLANG_WARN_INT_CONVERSION = YES;
				CLANG_WARN_NON_LITERAL_NULL_CONVERSION = YES;
				CLANG_WARN_OBJC_IMPLICIT_RETAIN_SELF = YES;
				CLANG_WARN_OBJC_LITERAL_CONVERSION = YES;
				CLANG_WARN_OBJC_ROOT_CLASS = YES_ERROR;
				CLANG_WARN_QUOTED_INCLUDE_IN_FRAMEWORK_HEADER = YES;
				CLANG_WARN_RANGE_LOOP_ANALYSIS = YES;
				CLANG_WARN_STRICT_PROTOTYPES = YES;
				CLANG_WARN_SUSPICIOUS_MOVE = YES;
				CLANG_WARN_UNGUARDED_AVAILABILITY = YES_AGGRESSIVE;
				CLANG_WARN_UNREACHABLE_CODE = YES;
				CLANG_WARN__DUPLICATE_METHOD_MATCH = YES;
				COPY_PHASE_STRIP = NO;
				DEBUG_INFORMATION_FORMAT = dwarf;
				ENABLE_STRICT_OBJC_MSGSEND = YES;
				ENABLE_TESTABILITY = YES;
				GCC_C_LANGUAGE_STANDARD = gnu11;
				GCC_DYNAMIC_NO_PIC = NO;
				GCC_NO_COMMON_BLOCKS = YES;
				GCC_OPTIMIZATION_LEVEL = 0;
				GCC_PREPROCESSOR_DEFINITIONS = (
					"DEBUG=1",
					"$(inherited)",
				);
				GCC_WARN_64_TO_32_BIT_CONVERSION = YES;
				GCC_WARN_ABOUT_RETURN_TYPE = YES_ERROR;
				GCC_WARN_UNDECLARED_SELECTOR = YES;
				GCC_WARN_UNINITIALIZED_AUTOS = YES_AGGRESSIVE;
				GCC_WARN_UNUSED_FUNCTION = YES;
				GCC_WARN_UNUSED_VARIABLE = YES;
				IPHONEOS_DEPLOYMENT_TARGET = 14.1;
				MTL_ENABLE_DEBUG_INFO = INCLUDE_SOURCE;
				MTL_FAST_MATH = YES;
				ONLY_ACTIVE_ARCH = YES;
				SDKROOT = iphoneos;
			};
			name = Debug;
		};
		4FC6AF63254AC22400CA2CAC /* Release */ = {
			isa = XCBuildConfiguration;
			buildSettings = {
				ALWAYS_SEARCH_USER_PATHS = NO;
				CLANG_ANALYZER_NONNULL = YES;
				CLANG_ANALYZER_NUMBER_OBJECT_CONVERSION = YES_AGGRESSIVE;
				CLANG_CXX_LANGUAGE_STANDARD = "gnu++14";
				CLANG_CXX_LIBRARY = "libc++";
				CLANG_ENABLE_MODULES = YES;
				CLANG_ENABLE_OBJC_ARC = YES;
				CLANG_ENABLE_OBJC_WEAK = YES;
				CLANG_WARN_BLOCK_CAPTURE_AUTORELEASING = YES;
				CLANG_WARN_BOOL_CONVERSION = YES;
				CLANG_WARN_COMMA = YES;
				CLANG_WARN_CONSTANT_CONVERSION = YES;
				CLANG_WARN_DEPRECATED_OBJC_IMPLEMENTATIONS = YES;
				CLANG_WARN_DIRECT_OBJC_ISA_USAGE = YES_ERROR;
				CLANG_WARN_DOCUMENTATION_COMMENTS = YES;
				CLANG_WARN_EMPTY_BODY = YES;
				CLANG_WARN_ENUM_CONVERSION = YES;
				CLANG_WARN_INFINITE_RECURSION = YES;
				CLANG_WARN_INT_CONVERSION = YES;
				CLANG_WARN_NON_LITERAL_NULL_CONVERSION = YES;
				CLANG_WARN_OBJC_IMPLICIT_RETAIN_SELF = YES;
				CLANG_WARN_OBJC_LITERAL_CONVERSION = YES;
				CLANG_WARN_OBJC_ROOT_CLASS = YES_ERROR;
				CLANG_WARN_QUOTED_INCLUDE_IN_FRAMEWORK_HEADER = YES;
				CLANG_WARN_RANGE_LOOP_ANALYSIS = YES;
				CLANG_WARN_STRICT_PROTOTYPES = YES;
				CLANG_WARN_SUSPICIOUS_MOVE = YES;
				CLANG_WARN_UNGUARDED_AVAILABILITY = YES_AGGRESSIVE;
				CLANG_WARN_UNREACHABLE_CODE = YES;
				CLANG_WARN__DUPLICATE_METHOD_MATCH = YES;
				COPY_PHASE_STRIP = NO;
				DEBUG_INFORMATION_FORMAT = "dwarf-with-dsym";
				ENABLE_NS_ASSERTIONS = NO;
				ENABLE_STRICT_OBJC_MSGSEND = YES;
				GCC_C_LANGUAGE_STANDARD = gnu11;
				GCC_NO_COMMON_BLOCKS = YES;
				GCC_WARN_64_TO_32_BIT_CONVERSION = YES;
				GCC_WARN_ABOUT_RETURN_TYPE = YES_ERROR;
				GCC_WARN_UNDECLARED_SELECTOR = YES;
				GCC_WARN_UNINITIALIZED_AUTOS = YES_AGGRESSIVE;
				GCC_WARN_UNUSED_FUNCTION = YES;
				GCC_WARN_UNUSED_VARIABLE = YES;
				IPHONEOS_DEPLOYMENT_TARGET = 14.1;
				MTL_ENABLE_DEBUG_INFO = NO;
				MTL_FAST_MATH = YES;
				SDKROOT = iphoneos;
				VALIDATE_PRODUCT = YES;
			};
			name = Release;
		};
		4FC6AF65254AC22400CA2CAC /* Debug */ = {
			isa = XCBuildConfiguration;
			baseConfigurationReference = 113695BED74360783025BF02 /* Pods-objective_app.debug.xcconfig */;
			buildSettings = {
				ASSETCATALOG_COMPILER_APPICON_NAME = AppIcon;
				ASSETCATALOG_COMPILER_GLOBAL_ACCENT_COLOR_NAME = AccentColor;
				CODE_SIGN_STYLE = Automatic;
				DEVELOPMENT_TEAM = PBZHU7TMH4;
				INFOPLIST_FILE = objective_app/Info.plist;
				IPHONEOS_DEPLOYMENT_TARGET = 13.0;
				LD_RUNPATH_SEARCH_PATHS = (
					"$(inherited)",
					"@executable_path/Frameworks",
				);
				PRODUCT_BUNDLE_IDENTIFIER = "com.xlasdc.objective-app";
				PRODUCT_NAME = "$(TARGET_NAME)";
				TARGETED_DEVICE_FAMILY = "1,2";
			};
			name = Debug;
		};
		4FC6AF66254AC22400CA2CAC /* Release */ = {
			isa = XCBuildConfiguration;
			baseConfigurationReference = 26A3F85BF17ABE2803938260 /* Pods-objective_app.release.xcconfig */;
			buildSettings = {
				ASSETCATALOG_COMPILER_APPICON_NAME = AppIcon;
				ASSETCATALOG_COMPILER_GLOBAL_ACCENT_COLOR_NAME = AccentColor;
				CODE_SIGN_STYLE = Automatic;
				DEVELOPMENT_TEAM = PBZHU7TMH4;
				INFOPLIST_FILE = objective_app/Info.plist;
				IPHONEOS_DEPLOYMENT_TARGET = 13.0;
				LD_RUNPATH_SEARCH_PATHS = (
					"$(inherited)",
					"@executable_path/Frameworks",
				);
				PRODUCT_BUNDLE_IDENTIFIER = "com.xlasdc.objective-app";
				PRODUCT_NAME = "$(TARGET_NAME)";
				TARGETED_DEVICE_FAMILY = "1,2";
			};
			name = Release;
		};
		4FC6AF68254AC22400CA2CAC /* Debug */ = {
			isa = XCBuildConfiguration;
			buildSettings = {
				BUNDLE_LOADER = "$(TEST_HOST)";
				CODE_SIGN_STYLE = Automatic;
				DEVELOPMENT_TEAM = PBZHU7TMH4;
				INFOPLIST_FILE = objective_appTests/Info.plist;
				IPHONEOS_DEPLOYMENT_TARGET = 14.1;
				LD_RUNPATH_SEARCH_PATHS = (
					"$(inherited)",
					"@executable_path/Frameworks",
					"@loader_path/Frameworks",
				);
				PRODUCT_BUNDLE_IDENTIFIER = "com.xlasdc.objective-appTests";
				PRODUCT_NAME = "$(TARGET_NAME)";
				TARGETED_DEVICE_FAMILY = "1,2";
				TEST_HOST = "$(BUILT_PRODUCTS_DIR)/objective_app.app/objective_app";
			};
			name = Debug;
		};
		4FC6AF69254AC22400CA2CAC /* Release */ = {
			isa = XCBuildConfiguration;
			buildSettings = {
				BUNDLE_LOADER = "$(TEST_HOST)";
				CODE_SIGN_STYLE = Automatic;
				DEVELOPMENT_TEAM = PBZHU7TMH4;
				INFOPLIST_FILE = objective_appTests/Info.plist;
				IPHONEOS_DEPLOYMENT_TARGET = 14.1;
				LD_RUNPATH_SEARCH_PATHS = (
					"$(inherited)",
					"@executable_path/Frameworks",
					"@loader_path/Frameworks",
				);
				PRODUCT_BUNDLE_IDENTIFIER = "com.xlasdc.objective-appTests";
				PRODUCT_NAME = "$(TARGET_NAME)";
				TARGETED_DEVICE_FAMILY = "1,2";
				TEST_HOST = "$(BUILT_PRODUCTS_DIR)/objective_app.app/objective_app";
			};
			name = Release;
		};
		4FC6AF6B254AC22400CA2CAC /* Debug */ = {
			isa = XCBuildConfiguration;
			buildSettings = {
				CODE_SIGN_STYLE = Automatic;
				DEVELOPMENT_TEAM = PBZHU7TMH4;
				INFOPLIST_FILE = objective_appUITests/Info.plist;
				LD_RUNPATH_SEARCH_PATHS = (
					"$(inherited)",
					"@executable_path/Frameworks",
					"@loader_path/Frameworks",
				);
				PRODUCT_BUNDLE_IDENTIFIER = "com.xlasdc.objective-appUITests";
				PRODUCT_NAME = "$(TARGET_NAME)";
				TARGETED_DEVICE_FAMILY = "1,2";
				TEST_TARGET_NAME = objective_app;
			};
			name = Debug;
		};
		4FC6AF6C254AC22400CA2CAC /* Release */ = {
			isa = XCBuildConfiguration;
			buildSettings = {
				CODE_SIGN_STYLE = Automatic;
				DEVELOPMENT_TEAM = PBZHU7TMH4;
				INFOPLIST_FILE = objective_appUITests/Info.plist;
				LD_RUNPATH_SEARCH_PATHS = (
					"$(inherited)",
					"@executable_path/Frameworks",
					"@loader_path/Frameworks",
				);
				PRODUCT_BUNDLE_IDENTIFIER = "com.xlasdc.objective-appUITests";
				PRODUCT_NAME = "$(TARGET_NAME)";
				TARGETED_DEVICE_FAMILY = "1,2";
				TEST_TARGET_NAME = objective_app;
			};
			name = Release;
		};
/* End XCBuildConfiguration section */

/* Begin XCConfigurationList section */
		4FC6AF30254AC21F00CA2CAC /* Build configuration list for PBXProject "objective_app" */ = {
			isa = XCConfigurationList;
			buildConfigurations = (
				4FC6AF62254AC22400CA2CAC /* Debug */,
				4FC6AF63254AC22400CA2CAC /* Release */,
			);
			defaultConfigurationIsVisible = 0;
			defaultConfigurationName = Release;
		};
		4FC6AF64254AC22400CA2CAC /* Build configuration list for PBXNativeTarget "objective_app" */ = {
			isa = XCConfigurationList;
			buildConfigurations = (
				4FC6AF65254AC22400CA2CAC /* Debug */,
				4FC6AF66254AC22400CA2CAC /* Release */,
			);
			defaultConfigurationIsVisible = 0;
			defaultConfigurationName = Release;
		};
		4FC6AF67254AC22400CA2CAC /* Build configuration list for PBXNativeTarget "objective_appTests" */ = {
			isa = XCConfigurationList;
			buildConfigurations = (
				4FC6AF68254AC22400CA2CAC /* Debug */,
				4FC6AF69254AC22400CA2CAC /* Release */,
			);
			defaultConfigurationIsVisible = 0;
			defaultConfigurationName = Release;
		};
		4FC6AF6A254AC22400CA2CAC /* Build configuration list for PBXNativeTarget "objective_appUITests" */ = {
			isa = XCConfigurationList;
			buildConfigurations = (
				4FC6AF6B254AC22400CA2CAC /* Debug */,
				4FC6AF6C254AC22400CA2CAC /* Release */,
			);
			defaultConfigurationIsVisible = 0;
			defaultConfigurationName = Release;
		};
/* End XCConfigurationList section */
	};
	rootObject = 4FC6AF2D254AC21F00CA2CAC /* Project object */;
}
