// !$*UTF8*$!
{
	archiveVersion = 1;
	classes = {
	};
	objectVersion = 51;
	objects = {

/* Begin PBXBuildFile section */
		242F5032FF32CA5652EB44EA /* Pods_objective_app_objective_appUITests.framework in Frameworks */ = {isa = PBXBuildFile; fileRef = 48239D01CA3BB9A8C1517EDE /* Pods_objective_app_objective_appUITests.framework */; };
		4F521894257F5E2A00D4A560 /* RuntimeObject.m in Sources */ = {isa = PBXBuildFile; fileRef = 4F521893257F5E2A00D4A560 /* RuntimeObject.m */; };
		4F52189D257F620300D4A560 /* RuntimeTest.m in Sources */ = {isa = PBXBuildFile; fileRef = 4F52189C257F620300D4A560 /* RuntimeTest.m */; };
		4F5218AC257F697F00D4A560 /* RuntimeSwizzling.m in Sources */ = {isa = PBXBuildFile; fileRef = 4F5218AB257F697F00D4A560 /* RuntimeSwizzling.m */; };
		4FA05406257E21E900A3B9C9 /* LXBasicTabBarViewController.m in Sources */ = {isa = PBXBuildFile; fileRef = 4FA05405257E21E900A3B9C9 /* LXBasicTabBarViewController.m */; };
		4FA0540D257E227100A3B9C9 /* LXBasicViewController.m in Sources */ = {isa = PBXBuildFile; fileRef = 4FA0540C257E227100A3B9C9 /* LXBasicViewController.m */; };
		4FA0541A257E234B00A3B9C9 /* LXHomeViewController.m in Sources */ = {isa = PBXBuildFile; fileRef = 4FA05419257E234B00A3B9C9 /* LXHomeViewController.m */; };
		4FA05423257E236A00A3B9C9 /* LXNewsViewController.m in Sources */ = {isa = PBXBuildFile; fileRef = 4FA05422257E236A00A3B9C9 /* LXNewsViewController.m */; };
		4FA0542C257E238400A3B9C9 /* LXMusicViewController.m in Sources */ = {isa = PBXBuildFile; fileRef = 4FA0542B257E238400A3B9C9 /* LXMusicViewController.m */; };
		4FA05432257E238D00A3B9C9 /* LXMeViewController.m in Sources */ = {isa = PBXBuildFile; fileRef = 4FA05431257E238D00A3B9C9 /* LXMeViewController.m */; };
		4FA05438257E241A00A3B9C9 /* LXBasicNavigationViewController.m in Sources */ = {isa = PBXBuildFile; fileRef = 4FA05437257E241A00A3B9C9 /* LXBasicNavigationViewController.m */; };
		4FA05450257E24B100A3B9C9 /* UIBarButtonItem+Item.m in Sources */ = {isa = PBXBuildFile; fileRef = 4FA0543E257E24AF00A3B9C9 /* UIBarButtonItem+Item.m */; };
		4FA05451257E24B100A3B9C9 /* UIColor+Extension.m in Sources */ = {isa = PBXBuildFile; fileRef = 4FA0543F257E24AF00A3B9C9 /* UIColor+Extension.m */; };
		4FA05452257E24B100A3B9C9 /* UIImage+Extension.m in Sources */ = {isa = PBXBuildFile; fileRef = 4FA05440257E24AF00A3B9C9 /* UIImage+Extension.m */; };
		4FA05453257E24B100A3B9C9 /* NSObject+Additions.m in Sources */ = {isa = PBXBuildFile; fileRef = 4FA05444257E24AF00A3B9C9 /* NSObject+Additions.m */; };
		4FA05454257E24B100A3B9C9 /* UIImage+HTRoundImage.m in Sources */ = {isa = PBXBuildFile; fileRef = 4FA05446257E24B000A3B9C9 /* UIImage+HTRoundImage.m */; };
		4FA05455257E24B100A3B9C9 /* UIImageView+SDWebImage.m in Sources */ = {isa = PBXBuildFile; fileRef = 4FA05448257E24B000A3B9C9 /* UIImageView+SDWebImage.m */; };
		4FA05456257E24B100A3B9C9 /* NSString+Estend.m in Sources */ = {isa = PBXBuildFile; fileRef = 4FA05449257E24B000A3B9C9 /* NSString+Estend.m */; };
		4FA05457257E24B100A3B9C9 /* UIView+TJExtension.m in Sources */ = {isa = PBXBuildFile; fileRef = 4FA0544D257E24B100A3B9C9 /* UIView+TJExtension.m */; };
		4FA0546C257F221200A3B9C9 /* FunAssets.xcassets in Resources */ = {isa = PBXBuildFile; fileRef = 4FA0546B257F221100A3B9C9 /* FunAssets.xcassets */; };
		4FA05476257F29DF00A3B9C9 /* LXFindViewController.m in Sources */ = {isa = PBXBuildFile; fileRef = 4FA05475257F29DE00A3B9C9 /* LXFindViewController.m */; };
		4FA05482257F513700A3B9C9 /* MBExample.m in Sources */ = {isa = PBXBuildFile; fileRef = 4FA05481257F513700A3B9C9 /* MBExample.m */; };
		4FA0548A257F51F200A3B9C9 /* LXRunTimeViewController.m in Sources */ = {isa = PBXBuildFile; fileRef = 4FA05489257F51F200A3B9C9 /* LXRunTimeViewController.m */; };
		4FC6AF3A254AC21F00CA2CAC /* AppDelegate.m in Sources */ = {isa = PBXBuildFile; fileRef = 4FC6AF39254AC21F00CA2CAC /* AppDelegate.m */; };
		4FC6AF3D254AC21F00CA2CAC /* SceneDelegate.m in Sources */ = {isa = PBXBuildFile; fileRef = 4FC6AF3C254AC21F00CA2CAC /* SceneDelegate.m */; };
		4FC6AF40254AC21F00CA2CAC /* ViewController.m in Sources */ = {isa = PBXBuildFile; fileRef = 4FC6AF3F254AC21F00CA2CAC /* ViewController.m */; };
		4FC6AF43254AC21F00CA2CAC /* Main.storyboard in Resources */ = {isa = PBXBuildFile; fileRef = 4FC6AF41254AC21F00CA2CAC /* Main.storyboard */; };
		4FC6AF45254AC22300CA2CAC /* Assets.xcassets in Resources */ = {isa = PBXBuildFile; fileRef = 4FC6AF44254AC22300CA2CAC /* Assets.xcassets */; };
		4FC6AF48254AC22300CA2CAC /* LaunchScreen.storyboard in Resources */ = {isa = PBXBuildFile; fileRef = 4FC6AF46254AC22300CA2CAC /* LaunchScreen.storyboard */; };
		4FC6AF4B254AC22300CA2CAC /* main.m in Sources */ = {isa = PBXBuildFile; fileRef = 4FC6AF4A254AC22300CA2CAC /* main.m */; };
		4FC6AF55254AC22300CA2CAC /* objective_appTests.m in Sources */ = {isa = PBXBuildFile; fileRef = 4FC6AF54254AC22300CA2CAC /* objective_appTests.m */; };
		4FC6AF60254AC22400CA2CAC /* objective_appUITests.m in Sources */ = {isa = PBXBuildFile; fileRef = 4FC6AF5F254AC22400CA2CAC /* objective_appUITests.m */; };
		6515CE49201A6A779FFE871F /* Pods_objective_app.framework in Frameworks */ = {isa = PBXBuildFile; fileRef = 9B302F332B5A26A23FE83B78 /* Pods_objective_app.framework */; };
		7D856F7CB2D7215630E5D369 /* Pods_objective_appTests.framework in Frameworks */ = {isa = PBXBuildFile; fileRef = 00978964E5F28C7C7CE0FE68 /* Pods_objective_appTests.framework */; };
/* End PBXBuildFile section */

/* Begin PBXContainerItemProxy section */
		4FC6AF51254AC22300CA2CAC /* PBXContainerItemProxy */ = {
			isa = PBXContainerItemProxy;
			containerPortal = 4FC6AF2D254AC21F00CA2CAC /* Project object */;
			proxyType = 1;
			remoteGlobalIDString = 4FC6AF34254AC21F00CA2CAC;
			remoteInfo = objective_app;
		};
		4FC6AF5C254AC22400CA2CAC /* PBXContainerItemProxy */ = {
			isa = PBXContainerItemProxy;
			containerPortal = 4FC6AF2D254AC21F00CA2CAC /* Project object */;
			proxyType = 1;
			remoteGlobalIDString = 4FC6AF34254AC21F00CA2CAC;
			remoteInfo = objective_app;
		};
/* End PBXContainerItemProxy section */

/* Begin PBXFileReference section */
		00978964E5F28C7C7CE0FE68 /* Pods_objective_appTests.framework */ = {isa = PBXFileReference; explicitFileType = wrapper.framework; includeInIndex = 0; path = Pods_objective_appTests.framework; sourceTree = BUILT_PRODUCTS_DIR; };
		02FD2E2C8E72823BBB77BC19 /* Pods-objective_app-objective_appUITests.debug.xcconfig */ = {isa = PBXFileReference; includeInIndex = 1; lastKnownFileType = text.xcconfig; name = "Pods-objective_app-objective_appUITests.debug.xcconfig"; path = "Target Support Files/Pods-objective_app-objective_appUITests/Pods-objective_app-objective_appUITests.debug.xcconfig"; sourceTree = "<group>"; };
		050B0B4843963AFAFD584347 /* Pods-objective_appTests.release.xcconfig */ = {isa = PBXFileReference; includeInIndex = 1; lastKnownFileType = text.xcconfig; name = "Pods-objective_appTests.release.xcconfig"; path = "Target Support Files/Pods-objective_appTests/Pods-objective_appTests.release.xcconfig"; sourceTree = "<group>"; };
		113695BED74360783025BF02 /* Pods-objective_app.debug.xcconfig */ = {isa = PBXFileReference; includeInIndex = 1; lastKnownFileType = text.xcconfig; name = "Pods-objective_app.debug.xcconfig"; path = "Target Support Files/Pods-objective_app/Pods-objective_app.debug.xcconfig"; sourceTree = "<group>"; };
		144A6FF18C139BE5731898AA /* Pods-objective_app-objective_appUITests.release.xcconfig */ = {isa = PBXFileReference; includeInIndex = 1; lastKnownFileType = text.xcconfig; name = "Pods-objective_app-objective_appUITests.release.xcconfig"; path = "Target Support Files/Pods-objective_app-objective_appUITests/Pods-objective_app-objective_appUITests.release.xcconfig"; sourceTree = "<group>"; };
		26A3F85BF17ABE2803938260 /* Pods-objective_app.release.xcconfig */ = {isa = PBXFileReference; includeInIndex = 1; lastKnownFileType = text.xcconfig; name = "Pods-objective_app.release.xcconfig"; path = "Target Support Files/Pods-objective_app/Pods-objective_app.release.xcconfig"; sourceTree = "<group>"; };
		48239D01CA3BB9A8C1517EDE /* Pods_objective_app_objective_appUITests.framework */ = {isa = PBXFileReference; explicitFileType = wrapper.framework; includeInIndex = 0; path = Pods_objective_app_objective_appUITests.framework; sourceTree = BUILT_PRODUCTS_DIR; };
		4F521892257F5E2A00D4A560 /* RuntimeObject.h */ = {isa = PBXFileReference; lastKnownFileType = sourcecode.c.h; path = RuntimeObject.h; sourceTree = "<group>"; };
		4F521893257F5E2A00D4A560 /* RuntimeObject.m */ = {isa = PBXFileReference; lastKnownFileType = sourcecode.c.objc; path = RuntimeObject.m; sourceTree = "<group>"; };
		4F52189B257F620300D4A560 /* RuntimeTest.h */ = {isa = PBXFileReference; lastKnownFileType = sourcecode.c.h; path = RuntimeTest.h; sourceTree = "<group>"; };
		4F52189C257F620300D4A560 /* RuntimeTest.m */ = {isa = PBXFileReference; lastKnownFileType = sourcecode.c.objc; path = RuntimeTest.m; sourceTree = "<group>"; };
		4F5218AA257F697F00D4A560 /* RuntimeSwizzling.h */ = {isa = PBXFileReference; lastKnownFileType = sourcecode.c.h; path = RuntimeSwizzling.h; sourceTree = "<group>"; };
		4F5218AB257F697F00D4A560 /* RuntimeSwizzling.m */ = {isa = PBXFileReference; lastKnownFileType = sourcecode.c.objc; path = RuntimeSwizzling.m; sourceTree = "<group>"; };
		4FA05404257E21E900A3B9C9 /* LXBasicTabBarViewController.h */ = {isa = PBXFileReference; lastKnownFileType = sourcecode.c.h; path = LXBasicTabBarViewController.h; sourceTree = "<group>"; };
		4FA05405257E21E900A3B9C9 /* LXBasicTabBarViewController.m */ = {isa = PBXFileReference; lastKnownFileType = sourcecode.c.objc; path = LXBasicTabBarViewController.m; sourceTree = "<group>"; };
		4FA0540B257E227100A3B9C9 /* LXBasicViewController.h */ = {isa = PBXFileReference; lastKnownFileType = sourcecode.c.h; path = LXBasicViewController.h; sourceTree = "<group>"; };
		4FA0540C257E227100A3B9C9 /* LXBasicViewController.m */ = {isa = PBXFileReference; lastKnownFileType = sourcecode.c.objc; path = LXBasicViewController.m; sourceTree = "<group>"; };
		4FA05418257E234B00A3B9C9 /* LXHomeViewController.h */ = {isa = PBXFileReference; lastKnownFileType = sourcecode.c.h; path = LXHomeViewController.h; sourceTree = "<group>"; };
		4FA05419257E234B00A3B9C9 /* LXHomeViewController.m */ = {isa = PBXFileReference; lastKnownFileType = sourcecode.c.objc; path = LXHomeViewController.m; sourceTree = "<group>"; };
		4FA05421257E236A00A3B9C9 /* LXNewsViewController.h */ = {isa = PBXFileReference; lastKnownFileType = sourcecode.c.h; path = LXNewsViewController.h; sourceTree = "<group>"; };
		4FA05422257E236A00A3B9C9 /* LXNewsViewController.m */ = {isa = PBXFileReference; lastKnownFileType = sourcecode.c.objc; path = LXNewsViewController.m; sourceTree = "<group>"; };
		4FA0542A257E238400A3B9C9 /* LXMusicViewController.h */ = {isa = PBXFileReference; lastKnownFileType = sourcecode.c.h; path = LXMusicViewController.h; sourceTree = "<group>"; };
		4FA0542B257E238400A3B9C9 /* LXMusicViewController.m */ = {isa = PBXFileReference; lastKnownFileType = sourcecode.c.objc; path = LXMusicViewController.m; sourceTree = "<group>"; };
		4FA05430257E238D00A3B9C9 /* LXMeViewController.h */ = {isa = PBXFileReference; lastKnownFileType = sourcecode.c.h; path = LXMeViewController.h; sourceTree = "<group>"; };
		4FA05431257E238D00A3B9C9 /* LXMeViewController.m */ = {isa = PBXFileReference; lastKnownFileType = sourcecode.c.objc; path = LXMeViewController.m; sourceTree = "<group>"; };
		4FA05436257E241A00A3B9C9 /* LXBasicNavigationViewController.h */ = {isa = PBXFileReference; lastKnownFileType = sourcecode.c.h; path = LXBasicNavigationViewController.h; sourceTree = "<group>"; };
		4FA05437257E241A00A3B9C9 /* LXBasicNavigationViewController.m */ = {isa = PBXFileReference; lastKnownFileType = sourcecode.c.objc; path = LXBasicNavigationViewController.m; sourceTree = "<group>"; };
		4FA0543E257E24AF00A3B9C9 /* UIBarButtonItem+Item.m */ = {isa = PBXFileReference; fileEncoding = 4; lastKnownFileType = sourcecode.c.objc; path = "UIBarButtonItem+Item.m"; sourceTree = "<group>"; };
		4FA0543F257E24AF00A3B9C9 /* UIColor+Extension.m */ = {isa = PBXFileReference; fileEncoding = 4; lastKnownFileType = sourcecode.c.objc; path = "UIColor+Extension.m"; sourceTree = "<group>"; };
		4FA05440257E24AF00A3B9C9 /* UIImage+Extension.m */ = {isa = PBXFileReference; fileEncoding = 4; lastKnownFileType = sourcecode.c.objc; path = "UIImage+Extension.m"; sourceTree = "<group>"; };
		4FA05441257E24AF00A3B9C9 /* NSObject+Additions.h */ = {isa = PBXFileReference; fileEncoding = 4; lastKnownFileType = sourcecode.c.h; path = "NSObject+Additions.h"; sourceTree = "<group>"; };
		4FA05442257E24AF00A3B9C9 /* UIImageView+SDWebImage.h */ = {isa = PBXFileReference; fileEncoding = 4; lastKnownFileType = sourcecode.c.h; path = "UIImageView+SDWebImage.h"; sourceTree = "<group>"; };
		4FA05443257E24AF00A3B9C9 /* NSString+Estend.h */ = {isa = PBXFileReference; fileEncoding = 4; lastKnownFileType = sourcecode.c.h; path = "NSString+Estend.h"; sourceTree = "<group>"; };
		4FA05444257E24AF00A3B9C9 /* NSObject+Additions.m */ = {isa = PBXFileReference; fileEncoding = 4; lastKnownFileType = sourcecode.c.objc; path = "NSObject+Additions.m"; sourceTree = "<group>"; };
		4FA05445257E24B000A3B9C9 /* UIImage+Extension.h */ = {isa = PBXFileReference; fileEncoding = 4; lastKnownFileType = sourcecode.c.h; path = "UIImage+Extension.h"; sourceTree = "<group>"; };
		4FA05446257E24B000A3B9C9 /* UIImage+HTRoundImage.m */ = {isa = PBXFileReference; fileEncoding = 4; lastKnownFileType = sourcecode.c.objc; path = "UIImage+HTRoundImage.m"; sourceTree = "<group>"; };
		4FA05448257E24B000A3B9C9 /* UIImageView+SDWebImage.m */ = {isa = PBXFileReference; fileEncoding = 4; lastKnownFileType = sourcecode.c.objc; path = "UIImageView+SDWebImage.m"; sourceTree = "<group>"; };
		4FA05449257E24B000A3B9C9 /* NSString+Estend.m */ = {isa = PBXFileReference; fileEncoding = 4; lastKnownFileType = sourcecode.c.objc; path = "NSString+Estend.m"; sourceTree = "<group>"; };
		4FA0544A257E24B000A3B9C9 /* UIImage+HTRoundImage.h */ = {isa = PBXFileReference; fileEncoding = 4; lastKnownFileType = sourcecode.c.h; path = "UIImage+HTRoundImage.h"; sourceTree = "<group>"; };
		4FA0544B257E24B100A3B9C9 /* UIBarButtonItem+Item.h */ = {isa = PBXFileReference; fileEncoding = 4; lastKnownFileType = sourcecode.c.h; path = "UIBarButtonItem+Item.h"; sourceTree = "<group>"; };
		4FA0544C257E24B100A3B9C9 /* UIView+TJExtension.h */ = {isa = PBXFileReference; fileEncoding = 4; lastKnownFileType = sourcecode.c.h; path = "UIView+TJExtension.h"; sourceTree = "<group>"; };
		4FA0544D257E24B100A3B9C9 /* UIView+TJExtension.m */ = {isa = PBXFileReference; fileEncoding = 4; lastKnownFileType = sourcecode.c.objc; path = "UIView+TJExtension.m"; sourceTree = "<group>"; };
		4FA0544F257E24B100A3B9C9 /* UIColor+Extension.h */ = {isa = PBXFileReference; fileEncoding = 4; lastKnownFileType = sourcecode.c.h; path = "UIColor+Extension.h"; sourceTree = "<group>"; };
		4FA0546B257F221100A3B9C9 /* FunAssets.xcassets */ = {isa = PBXFileReference; lastKnownFileType = folder.assetcatalog; path = FunAssets.xcassets; sourceTree = "<group>"; };
		4FA05474257F29DE00A3B9C9 /* LXFindViewController.h */ = {isa = PBXFileReference; lastKnownFileType = sourcecode.c.h; path = LXFindViewController.h; sourceTree = "<group>"; };
		4FA05475257F29DE00A3B9C9 /* LXFindViewController.m */ = {isa = PBXFileReference; lastKnownFileType = sourcecode.c.objc; path = LXFindViewController.m; sourceTree = "<group>"; };
		4FA05480257F513600A3B9C9 /* MBExample.h */ = {isa = PBXFileReference; fileEncoding = 4; lastKnownFileType = sourcecode.c.h; path = MBExample.h; sourceTree = "<group>"; };
		4FA05481257F513700A3B9C9 /* MBExample.m */ = {isa = PBXFileReference; fileEncoding = 4; lastKnownFileType = sourcecode.c.objc; path = MBExample.m; sourceTree = "<group>"; };
		4FA05488257F51F200A3B9C9 /* LXRunTimeViewController.h */ = {isa = PBXFileReference; lastKnownFileType = sourcecode.c.h; path = LXRunTimeViewController.h; sourceTree = "<group>"; };
		4FA05489257F51F200A3B9C9 /* LXRunTimeViewController.m */ = {isa = PBXFileReference; lastKnownFileType = sourcecode.c.objc; path = LXRunTimeViewController.m; sourceTree = "<group>"; };
		4FC6AF35254AC21F00CA2CAC /* objective_app.app */ = {isa = PBXFileReference; explicitFileType = wrapper.application; includeInIndex = 0; path = objective_app.app; sourceTree = BUILT_PRODUCTS_DIR; };
		4FC6AF38254AC21F00CA2CAC /* AppDelegate.h */ = {isa = PBXFileReference; lastKnownFileType = sourcecode.c.h; path = AppDelegate.h; sourceTree = "<group>"; };
		4FC6AF39254AC21F00CA2CAC /* AppDelegate.m */ = {isa = PBXFileReference; lastKnownFileType = sourcecode.c.objc; path = AppDelegate.m; sourceTree = "<group>"; };
		4FC6AF3B254AC21F00CA2CAC /* SceneDelegate.h */ = {isa = PBXFileReference; lastKnownFileType = sourcecode.c.h; path = SceneDelegate.h; sourceTree = "<group>"; };
		4FC6AF3C254AC21F00CA2CAC /* SceneDelegate.m */ = {isa = PBXFileReference; lastKnownFileType = sourcecode.c.objc; path = SceneDelegate.m; sourceTree = "<group>"; };
		4FC6AF3E254AC21F00CA2CAC /* ViewController.h */ = {isa = PBXFileReference; lastKnownFileType = sourcecode.c.h; path = ViewController.h; sourceTree = "<group>"; };
		4FC6AF3F254AC21F00CA2CAC /* ViewController.m */ = {isa = PBXFileReference; lastKnownFileType = sourcecode.c.objc; path = ViewController.m; sourceTree = "<group>"; };
		4FC6AF42254AC21F00CA2CAC /* Base */ = {isa = PBXFileReference; lastKnownFileType = file.storyboard; name = Base; path = Base.lproj/Main.storyboard; sourceTree = "<group>"; };
		4FC6AF44254AC22300CA2CAC /* Assets.xcassets */ = {isa = PBXFileReference; lastKnownFileType = folder.assetcatalog; path = Assets.xcassets; sourceTree = "<group>"; };
		4FC6AF47254AC22300CA2CAC /* Base */ = {isa = PBXFileReference; lastKnownFileType = file.storyboard; name = Base; path = Base.lproj/LaunchScreen.storyboard; sourceTree = "<group>"; };
		4FC6AF49254AC22300CA2CAC /* Info.plist */ = {isa = PBXFileReference; lastKnownFileType = text.plist.xml; path = Info.plist; sourceTree = "<group>"; };
		4FC6AF4A254AC22300CA2CAC /* main.m */ = {isa = PBXFileReference; lastKnownFileType = sourcecode.c.objc; path = main.m; sourceTree = "<group>"; };
		4FC6AF50254AC22300CA2CAC /* objective_appTests.xctest */ = {isa = PBXFileReference; explicitFileType = wrapper.cfbundle; includeInIndex = 0; path = objective_appTests.xctest; sourceTree = BUILT_PRODUCTS_DIR; };
		4FC6AF54254AC22300CA2CAC /* objective_appTests.m */ = {isa = PBXFileReference; lastKnownFileType = sourcecode.c.objc; path = objective_appTests.m; sourceTree = "<group>"; };
		4FC6AF56254AC22300CA2CAC /* Info.plist */ = {isa = PBXFileReference; lastKnownFileType = text.plist.xml; path = Info.plist; sourceTree = "<group>"; };
		4FC6AF5B254AC22400CA2CAC /* objective_appUITests.xctest */ = {isa = PBXFileReference; explicitFileType = wrapper.cfbundle; includeInIndex = 0; path = objective_appUITests.xctest; sourceTree = BUILT_PRODUCTS_DIR; };
		4FC6AF5F254AC22400CA2CAC /* objective_appUITests.m */ = {isa = PBXFileReference; lastKnownFileType = sourcecode.c.objc; path = objective_appUITests.m; sourceTree = "<group>"; };
		4FC6AF61254AC22400CA2CAC /* Info.plist */ = {isa = PBXFileReference; lastKnownFileType = text.plist.xml; path = Info.plist; sourceTree = "<group>"; };
		9B302F332B5A26A23FE83B78 /* Pods_objective_app.framework */ = {isa = PBXFileReference; explicitFileType = wrapper.framework; includeInIndex = 0; path = Pods_objective_app.framework; sourceTree = BUILT_PRODUCTS_DIR; };
		C39353B2A4BCDDC69832D2F1 /* Pods-objective_appTests.debug.xcconfig */ = {isa = PBXFileReference; includeInIndex = 1; lastKnownFileType = text.xcconfig; name = "Pods-objective_appTests.debug.xcconfig"; path = "Target Support Files/Pods-objective_appTests/Pods-objective_appTests.debug.xcconfig"; sourceTree = "<group>"; };
/* End PBXFileReference section */

/* Begin PBXFrameworksBuildPhase section */
		4FC6AF32254AC21F00CA2CAC /* Frameworks */ = {
			isa = PBXFrameworksBuildPhase;
			buildActionMask = 2147483647;
			files = (
				6515CE49201A6A779FFE871F /* Pods_objective_app.framework in Frameworks */,
			);
			runOnlyForDeploymentPostprocessing = 0;
		};
		4FC6AF4D254AC22300CA2CAC /* Frameworks */ = {
			isa = PBXFrameworksBuildPhase;
			buildActionMask = 2147483647;
			files = (
				7D856F7CB2D7215630E5D369 /* Pods_objective_appTests.framework in Frameworks */,
			);
			runOnlyForDeploymentPostprocessing = 0;
		};
		4FC6AF58254AC22400CA2CAC /* Frameworks */ = {
			isa = PBXFrameworksBuildPhase;
			buildActionMask = 2147483647;
			files = (
				242F5032FF32CA5652EB44EA /* Pods_objective_app_objective_appUITests.framework in Frameworks */,
			);
			runOnlyForDeploymentPostprocessing = 0;
		};
/* End PBXFrameworksBuildPhase section */

/* Begin PBXGroup section */
		1FF46F851EB27B085AE1DDF3 /* Frameworks */ = {
			isa = PBXGroup;
			children = (
				9B302F332B5A26A23FE83B78 /* Pods_objective_app.framework */,
				48239D01CA3BB9A8C1517EDE /* Pods_objective_app_objective_appUITests.framework */,
				00978964E5F28C7C7CE0FE68 /* Pods_objective_appTests.framework */,
			);
			name = Frameworks;
			sourceTree = "<group>";
		};
		4FA05402257E219700A3B9C9 /* Classes */ = {
			isa = PBXGroup;
			children = (
				4FA05403257E21B500A3B9C9 /* Base */,
				4FA0540A257E223800A3B9C9 /* TabBarVc */,
				4FA0543D257E248200A3B9C9 /* Category */,
			);
			path = Classes;
			sourceTree = "<group>";
		};
		4FA05403257E21B500A3B9C9 /* Base */ = {
			isa = PBXGroup;
			children = (
				4FA05404257E21E900A3B9C9 /* LXBasicTabBarViewController.h */,
				4FA05405257E21E900A3B9C9 /* LXBasicTabBarViewController.m */,
				4FA05436257E241A00A3B9C9 /* LXBasicNavigationViewController.h */,
				4FA05437257E241A00A3B9C9 /* LXBasicNavigationViewController.m */,
				4FA0540B257E227100A3B9C9 /* LXBasicViewController.h */,
				4FA0540C257E227100A3B9C9 /* LXBasicViewController.m */,
			);
			path = Base;
			sourceTree = "<group>";
		};
		4FA0540A257E223800A3B9C9 /* TabBarVc */ = {
			isa = PBXGroup;
			children = (
				4FA05473257F29B300A3B9C9 /* FindList */,
				4FA05414257E22F600A3B9C9 /* Home */,
				4FA05415257E22FE00A3B9C9 /* News */,
				4FA05416257E230700A3B9C9 /* Music */,
				4FA05417257E231100A3B9C9 /* Me */,
			);
			path = TabBarVc;
			sourceTree = "<group>";
		};
		4FA05414257E22F600A3B9C9 /* Home */ = {
			isa = PBXGroup;
			children = (
				4FA05418257E234B00A3B9C9 /* LXHomeViewController.h */,
				4FA05419257E234B00A3B9C9 /* LXHomeViewController.m */,
			);
			path = Home;
			sourceTree = "<group>";
		};
		4FA05415257E22FE00A3B9C9 /* News */ = {
			isa = PBXGroup;
			children = (
				4FA05421257E236A00A3B9C9 /* LXNewsViewController.h */,
				4FA05422257E236A00A3B9C9 /* LXNewsViewController.m */,
			);
			path = News;
			sourceTree = "<group>";
		};
		4FA05416257E230700A3B9C9 /* Music */ = {
			isa = PBXGroup;
			children = (
				4FA0542A257E238400A3B9C9 /* LXMusicViewController.h */,
				4FA0542B257E238400A3B9C9 /* LXMusicViewController.m */,
			);
			path = Music;
			sourceTree = "<group>";
		};
		4FA05417257E231100A3B9C9 /* Me */ = {
			isa = PBXGroup;
			children = (
				4FA05430257E238D00A3B9C9 /* LXMeViewController.h */,
				4FA05431257E238D00A3B9C9 /* LXMeViewController.m */,
			);
			path = Me;
			sourceTree = "<group>";
		};
		4FA0543D257E248200A3B9C9 /* Category */ = {
			isa = PBXGroup;
			children = (
				4FA05441257E24AF00A3B9C9 /* NSObject+Additions.h */,
				4FA05444257E24AF00A3B9C9 /* NSObject+Additions.m */,
				4FA05443257E24AF00A3B9C9 /* NSString+Estend.h */,
				4FA05449257E24B000A3B9C9 /* NSString+Estend.m */,
				4FA0544B257E24B100A3B9C9 /* UIBarButtonItem+Item.h */,
				4FA0543E257E24AF00A3B9C9 /* UIBarButtonItem+Item.m */,
				4FA0544F257E24B100A3B9C9 /* UIColor+Extension.h */,
				4FA0543F257E24AF00A3B9C9 /* UIColor+Extension.m */,
				4FA05445257E24B000A3B9C9 /* UIImage+Extension.h */,
				4FA05440257E24AF00A3B9C9 /* UIImage+Extension.m */,
				4FA0544A257E24B000A3B9C9 /* UIImage+HTRoundImage.h */,
				4FA05446257E24B000A3B9C9 /* UIImage+HTRoundImage.m */,
				4FA05442257E24AF00A3B9C9 /* UIImageView+SDWebImage.h */,
				4FA05448257E24B000A3B9C9 /* UIImageView+SDWebImage.m */,
				4FA0544C257E24B100A3B9C9 /* UIView+TJExtension.h */,
				4FA0544D257E24B100A3B9C9 /* UIView+TJExtension.m */,
			);
			path = Category;
			sourceTree = "<group>";
		};
		4FA05473257F29B300A3B9C9 /* FindList */ = {
			isa = PBXGroup;
			children = (
				4FA05486257F51BC00A3B9C9 /* Controller */,
				4FA05487257F51CB00A3B9C9 /* RunTime */,
			);
			path = FindList;
			sourceTree = "<group>";
		};
		4FA05486257F51BC00A3B9C9 /* Controller */ = {
			isa = PBXGroup;
			children = (
				4FA05480257F513600A3B9C9 /* MBExample.h */,
				4FA05481257F513700A3B9C9 /* MBExample.m */,
				4FA05474257F29DE00A3B9C9 /* LXFindViewController.h */,
				4FA05475257F29DE00A3B9C9 /* LXFindViewController.m */,
			);
			path = Controller;
			sourceTree = "<group>";
		};
		4FA05487257F51CB00A3B9C9 /* RunTime */ = {
			isa = PBXGroup;
			children = (
				4F521892257F5E2A00D4A560 /* RuntimeObject.h */,
				4F521893257F5E2A00D4A560 /* RuntimeObject.m */,
				4F52189B257F620300D4A560 /* RuntimeTest.h */,
				4F52189C257F620300D4A560 /* RuntimeTest.m */,
				4F5218AA257F697F00D4A560 /* RuntimeSwizzling.h */,
				4F5218AB257F697F00D4A560 /* RuntimeSwizzling.m */,
				4FA05488257F51F200A3B9C9 /* LXRunTimeViewController.h */,
				4FA05489257F51F200A3B9C9 /* LXRunTimeViewController.m */,
			);
			path = RunTime;
			sourceTree = "<group>";
		};
		4FC6AF2C254AC21F00CA2CAC = {
			isa = PBXGroup;
			children = (
				4FC6AF37254AC21F00CA2CAC /* objective_app */,
				4FC6AF53254AC22300CA2CAC /* objective_appTests */,
				4FC6AF5E254AC22400CA2CAC /* objective_appUITests */,
				4FC6AF36254AC21F00CA2CAC /* Products */,
				9496AD1D804C749173FF0026 /* Pods */,
				1FF46F851EB27B085AE1DDF3 /* Frameworks */,
			);
			sourceTree = "<group>";
		};
		4FC6AF36254AC21F00CA2CAC /* Products */ = {
			isa = PBXGroup;
			children = (
				4FC6AF35254AC21F00CA2CAC /* objective_app.app */,
				4FC6AF50254AC22300CA2CAC /* objective_appTests.xctest */,
				4FC6AF5B254AC22400CA2CAC /* objective_appUITests.xctest */,
			);
			name = Products;
			sourceTree = "<group>";
		};
		4FC6AF37254AC21F00CA2CAC /* objective_app */ = {
			isa = PBXGroup;
			children = (
				4FA05402257E219700A3B9C9 /* Classes */,
				4FC6AF38254AC21F00CA2CAC /* AppDelegate.h */,
				4FC6AF39254AC21F00CA2CAC /* AppDelegate.m */,
				4FC6AF3B254AC21F00CA2CAC /* SceneDelegate.h */,
				4FC6AF3C254AC21F00CA2CAC /* SceneDelegate.m */,
				4FC6AF3E254AC21F00CA2CAC /* ViewController.h */,
				4FC6AF3F254AC21F00CA2CAC /* ViewController.m */,
				4FC6AF41254AC21F00CA2CAC /* Main.storyboard */,
				4FC6AF44254AC22300CA2CAC /* Assets.xcassets */,
				4FA0546B257F221100A3B9C9 /* FunAssets.xcassets */,
				4FC6AF46254AC22300CA2CAC /* LaunchScreen.storyboard */,
				4FC6AF49254AC22300CA2CAC /* Info.plist */,
				4FC6AF4A254AC22300CA2CAC /* main.m */,
			);
			path = objective_app;
			sourceTree = "<group>";
		};
		4FC6AF53254AC22300CA2CAC /* objective_appTests */ = {
			isa = PBXGroup;
			children = (
				4FC6AF54254AC22300CA2CAC /* objective_appTests.m */,
				4FC6AF56254AC22300CA2CAC /* Info.plist */,
			);
			path = objective_appTests;
			sourceTree = "<group>";
		};
		4FC6AF5E254AC22400CA2CAC /* objective_appUITests */ = {
			isa = PBXGroup;
			children = (
				4FC6AF5F254AC22400CA2CAC /* objective_appUITests.m */,
				4FC6AF61254AC22400CA2CAC /* Info.plist */,
			);
			path = objective_appUITests;
			sourceTree = "<group>";
		};
		9496AD1D804C749173FF0026 /* Pods */ = {
			isa = PBXGroup;
			children = (
				113695BED74360783025BF02 /* Pods-objective_app.debug.xcconfig */,
				26A3F85BF17ABE2803938260 /* Pods-objective_app.release.xcconfig */,
				02FD2E2C8E72823BBB77BC19 /* Pods-objective_app-objective_appUITests.debug.xcconfig */,
				144A6FF18C139BE5731898AA /* Pods-objective_app-objective_appUITests.release.xcconfig */,
				C39353B2A4BCDDC69832D2F1 /* Pods-objective_appTests.debug.xcconfig */,
				050B0B4843963AFAFD584347 /* Pods-objective_appTests.release.xcconfig */,
			);
			path = Pods;
			sourceTree = "<group>";
		};
/* End PBXGroup section */

/* Begin PBXNativeTarget section */
		4FC6AF34254AC21F00CA2CAC /* objective_app */ = {
			isa = PBXNativeTarget;
			buildConfigurationList = 4FC6AF64254AC22400CA2CAC /* Build configuration list for PBXNativeTarget "objective_app" */;
			buildPhases = (
				6F3828B8DD7CFA6855CA066D /* [CP] Check Pods Manifest.lock */,
				4FC6AF31254AC21F00CA2CAC /* Sources */,
				4FC6AF32254AC21F00CA2CAC /* Frameworks */,
				4FC6AF33254AC21F00CA2CAC /* Resources */,
				E405AAB4FB1A166B49852427 /* [CP] Embed Pods Frameworks */,
			);
			buildRules = (
			);
			dependencies = (
			);
			name = objective_app;
			productName = objective_app;
			productReference = 4FC6AF35254AC21F00CA2CAC /* objective_app.app */;
			productType = "com.apple.product-type.application";
		};
		4FC6AF4F254AC22300CA2CAC /* objective_appTests */ = {
			isa = PBXNativeTarget;
			buildConfigurationList = 4FC6AF67254AC22400CA2CAC /* Build configuration list for PBXNativeTarget "objective_appTests" */;
			buildPhases = (
				690720A19F50256CED3EF56F /* [CP] Check Pods Manifest.lock */,
				4FC6AF4C254AC22300CA2CAC /* Sources */,
				4FC6AF4D254AC22300CA2CAC /* Frameworks */,
				4FC6AF4E254AC22300CA2CAC /* Resources */,
			);
			buildRules = (
			);
			dependencies = (
				4FC6AF52254AC22300CA2CAC /* PBXTargetDependency */,
			);
			name = objective_appTests;
			productName = objective_appTests;
			productReference = 4FC6AF50254AC22300CA2CAC /* objective_appTests.xctest */;
			productType = "com.apple.product-type.bundle.unit-test";
		};
		4FC6AF5A254AC22400CA2CAC /* objective_appUITests */ = {
			isa = PBXNativeTarget;
			buildConfigurationList = 4FC6AF6A254AC22400CA2CAC /* Build configuration list for PBXNativeTarget "objective_appUITests" */;
			buildPhases = (
				A2B69EC421C4A95CAA37F94E /* [CP] Check Pods Manifest.lock */,
				4FC6AF57254AC22400CA2CAC /* Sources */,
				4FC6AF58254AC22400CA2CAC /* Frameworks */,
				4FC6AF59254AC22400CA2CAC /* Resources */,
				4808AE65582ECDB77D0347CB /* [CP] Embed Pods Frameworks */,
			);
			buildRules = (
			);
			dependencies = (
				4FC6AF5D254AC22400CA2CAC /* PBXTargetDependency */,
			);
			name = objective_appUITests;
			productName = objective_appUITests;
			productReference = 4FC6AF5B254AC22400CA2CAC /* objective_appUITests.xctest */;
			productType = "com.apple.product-type.bundle.ui-testing";
		};
/* End PBXNativeTarget section */

/* Begin PBXProject section */
		4FC6AF2D254AC21F00CA2CAC /* Project object */ = {
			isa = PBXProject;
			attributes = {
				CLASSPREFIX = LX;
				LastUpgradeCheck = 1210;
				TargetAttributes = {
					4FC6AF34254AC21F00CA2CAC = {
						CreatedOnToolsVersion = 12.1;
					};
					4FC6AF4F254AC22300CA2CAC = {
						CreatedOnToolsVersion = 12.1;
						TestTargetID = 4FC6AF34254AC21F00CA2CAC;
					};
					4FC6AF5A254AC22400CA2CAC = {
						CreatedOnToolsVersion = 12.1;
						TestTargetID = 4FC6AF34254AC21F00CA2CAC;
					};
				};
			};
			buildConfigurationList = 4FC6AF30254AC21F00CA2CAC /* Build configuration list for PBXProject "objective_app" */;
			compatibilityVersion = "Xcode 9.3";
			developmentRegion = en;
			hasScannedForEncodings = 0;
			knownRegions = (
				en,
				Base,
			);
			mainGroup = 4FC6AF2C254AC21F00CA2CAC;
			productRefGroup = 4FC6AF36254AC21F00CA2CAC /* Products */;
			projectDirPath = "";
			projectRoot = "";
			targets = (
				4FC6AF34254AC21F00CA2CAC /* objective_app */,
				4FC6AF4F254AC22300CA2CAC /* objective_appTests */,
				4FC6AF5A254AC22400CA2CAC /* objective_appUITests */,
			);
		};
/* End PBXProject section */

/* Begin PBXResourcesBuildPhase section */
		4FC6AF33254AC21F00CA2CAC /* Resources */ = {
			isa = PBXResourcesBuildPhase;
			buildActionMask = 2147483647;
			files = (
				4FC6AF48254AC22300CA2CAC /* LaunchScreen.storyboard in Resources */,
				4FC6AF45254AC22300CA2CAC /* Assets.xcassets in Resources */,
				4FA0546C257F221200A3B9C9 /* FunAssets.xcassets in Resources */,
				4FC6AF43254AC21F00CA2CAC /* Main.storyboard in Resources */,
			);
			runOnlyForDeploymentPostprocessing = 0;
		};
		4FC6AF4E254AC22300CA2CAC /* Resources */ = {
			isa = PBXResourcesBuildPhase;
			buildActionMask = 2147483647;
			files = (
			);
			runOnlyForDeploymentPostprocessing = 0;
		};
		4FC6AF59254AC22400CA2CAC /* Resources */ = {
			isa = PBXResourcesBuildPhase;
			buildActionMask = 2147483647;
			files = (
			);
			runOnlyForDeploymentPostprocessing = 0;
		};
/* End PBXResourcesBuildPhase section */

/* Begin PBXShellScriptBuildPhase section */
		4808AE65582ECDB77D0347CB /* [CP] Embed Pods Frameworks */ = {
			isa = PBXShellScriptBuildPhase;
			buildActionMask = 2147483647;
			files = (
			);
			inputFileListPaths = (
				"${PODS_ROOT}/Target Support Files/Pods-objective_app-objective_appUITests/Pods-objective_app-objective_appUITests-frameworks-${CONFIGURATION}-input-files.xcfilelist",
			);
			name = "[CP] Embed Pods Frameworks";
			outputFileListPaths = (
				"${PODS_ROOT}/Target Support Files/Pods-objective_app-objective_appUITests/Pods-objective_app-objective_appUITests-frameworks-${CONFIGURATION}-output-files.xcfilelist",
			);
			runOnlyForDeploymentPostprocessing = 0;
			shellPath = /bin/sh;
			shellScript = "\"${PODS_ROOT}/Target Support Files/Pods-objective_app-objective_appUITests/Pods-objective_app-objective_appUITests-frameworks.sh\"\n";
			showEnvVarsInLog = 0;
		};
		690720A19F50256CED3EF56F /* [CP] Check Pods Manifest.lock */ = {
			isa = PBXShellScriptBuildPhase;
			buildActionMask = 2147483647;
			files = (
			);
			inputFileListPaths = (
			);
			inputPaths = (
				"${PODS_PODFILE_DIR_PATH}/Podfile.lock",
				"${PODS_ROOT}/Manifest.lock",
			);
			name = "[CP] Check Pods Manifest.lock";
			outputFileListPaths = (
			);
			outputPaths = (
				"$(DERIVED_FILE_DIR)/Pods-objective_appTests-checkManifestLockResult.txt",
			);
			runOnlyForDeploymentPostprocessing = 0;
			shellPath = /bin/sh;
			shellScript = "diff \"${PODS_PODFILE_DIR_PATH}/Podfile.lock\" \"${PODS_ROOT}/Manifest.lock\" > /dev/null\nif [ $? != 0 ] ; then\n    # print error to STDERR\n    echo \"error: The sandbox is not in sync with the Podfile.lock. Run 'pod install' or update your CocoaPods installation.\" >&2\n    exit 1\nfi\n# This output is used by Xcode 'outputs' to avoid re-running this script phase.\necho \"SUCCESS\" > \"${SCRIPT_OUTPUT_FILE_0}\"\n";
			showEnvVarsInLog = 0;
		};
		6F3828B8DD7CFA6855CA066D /* [CP] Check Pods Manifest.lock */ = {
			isa = PBXShellScriptBuildPhase;
			buildActionMask = 2147483647;
			files = (
			);
			inputFileListPaths = (
			);
			inputPaths = (
				"${PODS_PODFILE_DIR_PATH}/Podfile.lock",
				"${PODS_ROOT}/Manifest.lock",
			);
			name = "[CP] Check Pods Manifest.lock";
			outputFileListPaths = (
			);
			outputPaths = (
				"$(DERIVED_FILE_DIR)/Pods-objective_app-checkManifestLockResult.txt",
			);
			runOnlyForDeploymentPostprocessing = 0;
			shellPath = /bin/sh;
			shellScript = "diff \"${PODS_PODFILE_DIR_PATH}/Podfile.lock\" \"${PODS_ROOT}/Manifest.lock\" > /dev/null\nif [ $? != 0 ] ; then\n    # print error to STDERR\n    echo \"error: The sandbox is not in sync with the Podfile.lock. Run 'pod install' or update your CocoaPods installation.\" >&2\n    exit 1\nfi\n# This output is used by Xcode 'outputs' to avoid re-running this script phase.\necho \"SUCCESS\" > \"${SCRIPT_OUTPUT_FILE_0}\"\n";
			showEnvVarsInLog = 0;
		};
		A2B69EC421C4A95CAA37F94E /* [CP] Check Pods Manifest.lock */ = {
			isa = PBXShellScriptBuildPhase;
			buildActionMask = 2147483647;
			files = (
			);
			inputFileListPaths = (
			);
			inputPaths = (
				"${PODS_PODFILE_DIR_PATH}/Podfile.lock",
				"${PODS_ROOT}/Manifest.lock",
			);
			name = "[CP] Check Pods Manifest.lock";
			outputFileListPaths = (
			);
			outputPaths = (
				"$(DERIVED_FILE_DIR)/Pods-objective_app-objective_appUITests-checkManifestLockResult.txt",
			);
			runOnlyForDeploymentPostprocessing = 0;
			shellPath = /bin/sh;
			shellScript = "diff \"${PODS_PODFILE_DIR_PATH}/Podfile.lock\" \"${PODS_ROOT}/Manifest.lock\" > /dev/null\nif [ $? != 0 ] ; then\n    # print error to STDERR\n    echo \"error: The sandbox is not in sync with the Podfile.lock. Run 'pod install' or update your CocoaPods installation.\" >&2\n    exit 1\nfi\n# This output is used by Xcode 'outputs' to avoid re-running this script phase.\necho \"SUCCESS\" > \"${SCRIPT_OUTPUT_FILE_0}\"\n";
			showEnvVarsInLog = 0;
		};
		E405AAB4FB1A166B49852427 /* [CP] Embed Pods Frameworks */ = {
			isa = PBXShellScriptBuildPhase;
			buildActionMask = 2147483647;
			files = (
			);
			inputFileListPaths = (
				"${PODS_ROOT}/Target Support Files/Pods-objective_app/Pods-objective_app-frameworks-${CONFIGURATION}-input-files.xcfilelist",
			);
			name = "[CP] Embed Pods Frameworks";
			outputFileListPaths = (
				"${PODS_ROOT}/Target Support Files/Pods-objective_app/Pods-objective_app-frameworks-${CONFIGURATION}-output-files.xcfilelist",
			);
			runOnlyForDeploymentPostprocessing = 0;
			shellPath = /bin/sh;
			shellScript = "\"${PODS_ROOT}/Target Support Files/Pods-objective_app/Pods-objective_app-frameworks.sh\"\n";
			showEnvVarsInLog = 0;
		};
/* End PBXShellScriptBuildPhase section */

/* Begin PBXSourcesBuildPhase section */
		4FC6AF31254AC21F00CA2CAC /* Sources */ = {
			isa = PBXSourcesBuildPhase;
			buildActionMask = 2147483647;
			files = (
				4FA05453257E24B100A3B9C9 /* NSObject+Additions.m in Sources */,
				4FA05457257E24B100A3B9C9 /* UIView+TJExtension.m in Sources */,
				4F5218AC257F697F00D4A560 /* RuntimeSwizzling.m in Sources */,
				4FA05438257E241A00A3B9C9 /* LXBasicNavigationViewController.m in Sources */,
				4FA05456257E24B100A3B9C9 /* NSString+Estend.m in Sources */,
				4FA05452257E24B100A3B9C9 /* UIImage+Extension.m in Sources */,
				4FA05450257E24B100A3B9C9 /* UIBarButtonItem+Item.m in Sources */,
				4F52189D257F620300D4A560 /* RuntimeTest.m in Sources */,
				4FA05454257E24B100A3B9C9 /* UIImage+HTRoundImage.m in Sources */,
				4FC6AF40254AC21F00CA2CAC /* ViewController.m in Sources */,
				4FA0548A257F51F200A3B9C9 /* LXRunTimeViewController.m in Sources */,
				4FA05423257E236A00A3B9C9 /* LXNewsViewController.m in Sources */,
				4FA05476257F29DF00A3B9C9 /* LXFindViewController.m in Sources */,
				4FA05482257F513700A3B9C9 /* MBExample.m in Sources */,
				4FA0541A257E234B00A3B9C9 /* LXHomeViewController.m in Sources */,
				4FA05451257E24B100A3B9C9 /* UIColor+Extension.m in Sources */,
				4FA05406257E21E900A3B9C9 /* LXBasicTabBarViewController.m in Sources */,
				4FA05432257E238D00A3B9C9 /* LXMeViewController.m in Sources */,
				4FA05455257E24B100A3B9C9 /* UIImageView+SDWebImage.m in Sources */,
				4FC6AF3A254AC21F00CA2CAC /* AppDelegate.m in Sources */,
				4FA0540D257E227100A3B9C9 /* LXBasicViewController.m in Sources */,
				4FC6AF4B254AC22300CA2CAC /* main.m in Sources */,
				4F521894257F5E2A00D4A560 /* RuntimeObject.m in Sources */,
				4FA0542C257E238400A3B9C9 /* LXMusicViewController.m in Sources */,
				4FC6AF3D254AC21F00CA2CAC /* SceneDelegate.m in Sources */,
			);
			runOnlyForDeploymentPostprocessing = 0;
		};
		4FC6AF4C254AC22300CA2CAC /* Sources */ = {
			isa = PBXSourcesBuildPhase;
			buildActionMask = 2147483647;
			files = (
				4FC6AF55254AC22300CA2CAC /* objective_appTests.m in Sources */,
			);
			runOnlyForDeploymentPostprocessing = 0;
		};
		4FC6AF57254AC22400CA2CAC /* Sources */ = {
			isa = PBXSourcesBuildPhase;
			buildActionMask = 2147483647;
			files = (
				4FC6AF60254AC22400CA2CAC /* objective_appUITests.m in Sources */,
			);
			runOnlyForDeploymentPostprocessing = 0;
		};
/* End PBXSourcesBuildPhase section */

/* Begin PBXTargetDependency section */
		4FC6AF52254AC22300CA2CAC /* PBXTargetDependency */ = {
			isa = PBXTargetDependency;
			target = 4FC6AF34254AC21F00CA2CAC /* objective_app */;
			targetProxy = 4FC6AF51254AC22300CA2CAC /* PBXContainerItemProxy */;
		};
		4FC6AF5D254AC22400CA2CAC /* PBXTargetDependency */ = {
			isa = PBXTargetDependency;
			target = 4FC6AF34254AC21F00CA2CAC /* objective_app */;
			targetProxy = 4FC6AF5C254AC22400CA2CAC /* PBXContainerItemProxy */;
		};
/* End PBXTargetDependency section */

/* Begin PBXVariantGroup section */
		4FC6AF41254AC21F00CA2CAC /* Main.storyboard */ = {
			isa = PBXVariantGroup;
			children = (
				4FC6AF42254AC21F00CA2CAC /* Base */,
			);
			name = Main.storyboard;
			sourceTree = "<group>";
		};
		4FC6AF46254AC22300CA2CAC /* LaunchScreen.storyboard */ = {
			isa = PBXVariantGroup;
			children = (
				4FC6AF47254AC22300CA2CAC /* Base */,
			);
			name = LaunchScreen.storyboard;
			sourceTree = "<group>";
		};
/* End PBXVariantGroup section */

/* Begin XCBuildConfiguration section */
		4FC6AF62254AC22400CA2CAC /* Debug */ = {
			isa = XCBuildConfiguration;
			buildSettings = {
				ALWAYS_SEARCH_USER_PATHS = NO;
				CLANG_ANALYZER_NONNULL = YES;
				CLANG_ANALYZER_NUMBER_OBJECT_CONVERSION = YES_AGGRESSIVE;
				CLANG_CXX_LANGUAGE_STANDARD = "gnu++14";
				CLANG_CXX_LIBRARY = "libc++";
				CLANG_ENABLE_MODULES = YES;
				CLANG_ENABLE_OBJC_ARC = YES;
				CLANG_ENABLE_OBJC_WEAK = YES;
				CLANG_WARN_BLOCK_CAPTURE_AUTORELEASING = YES;
				CLANG_WARN_BOOL_CONVERSION = YES;
				CLANG_WARN_COMMA = YES;
				CLANG_WARN_CONSTANT_CONVERSION = YES;
				CLANG_WARN_DEPRECATED_OBJC_IMPLEMENTATIONS = YES;
				CLANG_WARN_DIRECT_OBJC_ISA_USAGE = YES_ERROR;
				CLANG_WARN_DOCUMENTATION_COMMENTS = YES;
				CLANG_WARN_EMPTY_BODY = YES;
				CLANG_WARN_ENUM_CONVERSION = YES;
				CLANG_WARN_INFINITE_RECURSION = YES;
				CLANG_WARN_INT_CONVERSION = YES;
				CLANG_WARN_NON_LITERAL_NULL_CONVERSION = YES;
				CLANG_WARN_OBJC_IMPLICIT_RETAIN_SELF = YES;
				CLANG_WARN_OBJC_LITERAL_CONVERSION = YES;
				CLANG_WARN_OBJC_ROOT_CLASS = YES_ERROR;
				CLANG_WARN_QUOTED_INCLUDE_IN_FRAMEWORK_HEADER = YES;
				CLANG_WARN_RANGE_LOOP_ANALYSIS = YES;
				CLANG_WARN_STRICT_PROTOTYPES = YES;
				CLANG_WARN_SUSPICIOUS_MOVE = YES;
				CLANG_WARN_UNGUARDED_AVAILABILITY = YES_AGGRESSIVE;
				CLANG_WARN_UNREACHABLE_CODE = YES;
				CLANG_WARN__DUPLICATE_METHOD_MATCH = YES;
				COPY_PHASE_STRIP = NO;
				DEBUG_INFORMATION_FORMAT = dwarf;
				ENABLE_STRICT_OBJC_MSGSEND = YES;
				ENABLE_TESTABILITY = YES;
				GCC_C_LANGUAGE_STANDARD = gnu11;
				GCC_DYNAMIC_NO_PIC = NO;
				GCC_NO_COMMON_BLOCKS = YES;
				GCC_OPTIMIZATION_LEVEL = 0;
				GCC_PREPROCESSOR_DEFINITIONS = (
					"DEBUG=1",
					"$(inherited)",
				);
				GCC_WARN_64_TO_32_BIT_CONVERSION = YES;
				GCC_WARN_ABOUT_RETURN_TYPE = YES_ERROR;
				GCC_WARN_UNDECLARED_SELECTOR = YES;
				GCC_WARN_UNINITIALIZED_AUTOS = YES_AGGRESSIVE;
				GCC_WARN_UNUSED_FUNCTION = YES;
				GCC_WARN_UNUSED_VARIABLE = YES;
				IPHONEOS_DEPLOYMENT_TARGET = 14.1;
				MTL_ENABLE_DEBUG_INFO = INCLUDE_SOURCE;
				MTL_FAST_MATH = YES;
				ONLY_ACTIVE_ARCH = YES;
				SDKROOT = iphoneos;
			};
			name = Debug;
		};
		4FC6AF63254AC22400CA2CAC /* Release */ = {
			isa = XCBuildConfiguration;
			buildSettings = {
				ALWAYS_SEARCH_USER_PATHS = NO;
				CLANG_ANALYZER_NONNULL = YES;
				CLANG_ANALYZER_NUMBER_OBJECT_CONVERSION = YES_AGGRESSIVE;
				CLANG_CXX_LANGUAGE_STANDARD = "gnu++14";
				CLANG_CXX_LIBRARY = "libc++";
				CLANG_ENABLE_MODULES = YES;
				CLANG_ENABLE_OBJC_ARC = YES;
				CLANG_ENABLE_OBJC_WEAK = YES;
				CLANG_WARN_BLOCK_CAPTURE_AUTORELEASING = YES;
				CLANG_WARN_BOOL_CONVERSION = YES;
				CLANG_WARN_COMMA = YES;
				CLANG_WARN_CONSTANT_CONVERSION = YES;
				CLANG_WARN_DEPRECATED_OBJC_IMPLEMENTATIONS = YES;
				CLANG_WARN_DIRECT_OBJC_ISA_USAGE = YES_ERROR;
				CLANG_WARN_DOCUMENTATION_COMMENTS = YES;
				CLANG_WARN_EMPTY_BODY = YES;
				CLANG_WARN_ENUM_CONVERSION = YES;
				CLANG_WARN_INFINITE_RECURSION = YES;
				CLANG_WARN_INT_CONVERSION = YES;
				CLANG_WARN_NON_LITERAL_NULL_CONVERSION = YES;
				CLANG_WARN_OBJC_IMPLICIT_RETAIN_SELF = YES;
				CLANG_WARN_OBJC_LITERAL_CONVERSION = YES;
				CLANG_WARN_OBJC_ROOT_CLASS = YES_ERROR;
				CLANG_WARN_QUOTED_INCLUDE_IN_FRAMEWORK_HEADER = YES;
				CLANG_WARN_RANGE_LOOP_ANALYSIS = YES;
				CLANG_WARN_STRICT_PROTOTYPES = YES;
				CLANG_WARN_SUSPICIOUS_MOVE = YES;
				CLANG_WARN_UNGUARDED_AVAILABILITY = YES_AGGRESSIVE;
				CLANG_WARN_UNREACHABLE_CODE = YES;
				CLANG_WARN__DUPLICATE_METHOD_MATCH = YES;
				COPY_PHASE_STRIP = NO;
				DEBUG_INFORMATION_FORMAT = "dwarf-with-dsym";
				ENABLE_NS_ASSERTIONS = NO;
				ENABLE_STRICT_OBJC_MSGSEND = YES;
				GCC_C_LANGUAGE_STANDARD = gnu11;
				GCC_NO_COMMON_BLOCKS = YES;
				GCC_WARN_64_TO_32_BIT_CONVERSION = YES;
				GCC_WARN_ABOUT_RETURN_TYPE = YES_ERROR;
				GCC_WARN_UNDECLARED_SELECTOR = YES;
				GCC_WARN_UNINITIALIZED_AUTOS = YES_AGGRESSIVE;
				GCC_WARN_UNUSED_FUNCTION = YES;
				GCC_WARN_UNUSED_VARIABLE = YES;
				IPHONEOS_DEPLOYMENT_TARGET = 14.1;
				MTL_ENABLE_DEBUG_INFO = NO;
				MTL_FAST_MATH = YES;
				SDKROOT = iphoneos;
				VALIDATE_PRODUCT = YES;
			};
			name = Release;
		};
		4FC6AF65254AC22400CA2CAC /* Debug */ = {
			isa = XCBuildConfiguration;
			baseConfigurationReference = 113695BED74360783025BF02 /* Pods-objective_app.debug.xcconfig */;
			buildSettings = {
				ASSETCATALOG_COMPILER_APPICON_NAME = AppIcon;
				ASSETCATALOG_COMPILER_GLOBAL_ACCENT_COLOR_NAME = AccentColor;
				CODE_SIGN_STYLE = Automatic;
				DEVELOPMENT_TEAM = PBZHU7TMH4;
				INFOPLIST_FILE = objective_app/Info.plist;
				IPHONEOS_DEPLOYMENT_TARGET = 13.0;
				LD_RUNPATH_SEARCH_PATHS = (
					"$(inherited)",
					"@executable_path/Frameworks",
				);
				PRODUCT_BUNDLE_IDENTIFIER = "com.xlasdc.objective-app";
				PRODUCT_NAME = "$(TARGET_NAME)";
				TARGETED_DEVICE_FAMILY = "1,2";
			};
			name = Debug;
		};
		4FC6AF66254AC22400CA2CAC /* Release */ = {
			isa = XCBuildConfiguration;
			baseConfigurationReference = 26A3F85BF17ABE2803938260 /* Pods-objective_app.release.xcconfig */;
			buildSettings = {
				ASSETCATALOG_COMPILER_APPICON_NAME = AppIcon;
				ASSETCATALOG_COMPILER_GLOBAL_ACCENT_COLOR_NAME = AccentColor;
				CODE_SIGN_STYLE = Automatic;
				DEVELOPMENT_TEAM = PBZHU7TMH4;
				INFOPLIST_FILE = objective_app/Info.plist;
				IPHONEOS_DEPLOYMENT_TARGET = 13.0;
				LD_RUNPATH_SEARCH_PATHS = (
					"$(inherited)",
					"@executable_path/Frameworks",
				);
				PRODUCT_BUNDLE_IDENTIFIER = "com.xlasdc.objective-app";
				PRODUCT_NAME = "$(TARGET_NAME)";
				TARGETED_DEVICE_FAMILY = "1,2";
			};
			name = Release;
		};
		4FC6AF68254AC22400CA2CAC /* Debug */ = {
			isa = XCBuildConfiguration;
			baseConfigurationReference = C39353B2A4BCDDC69832D2F1 /* Pods-objective_appTests.debug.xcconfig */;
			buildSettings = {
				BUNDLE_LOADER = "$(TEST_HOST)";
				CODE_SIGN_STYLE = Automatic;
				DEVELOPMENT_TEAM = PBZHU7TMH4;
				INFOPLIST_FILE = objective_appTests/Info.plist;
				IPHONEOS_DEPLOYMENT_TARGET = 14.1;
				LD_RUNPATH_SEARCH_PATHS = (
					"$(inherited)",
					"@executable_path/Frameworks",
					"@loader_path/Frameworks",
				);
				PRODUCT_BUNDLE_IDENTIFIER = "com.xlasdc.objective-appTests";
				PRODUCT_NAME = "$(TARGET_NAME)";
				TARGETED_DEVICE_FAMILY = "1,2";
				TEST_HOST = "$(BUILT_PRODUCTS_DIR)/objective_app.app/objective_app";
			};
			name = Debug;
		};
		4FC6AF69254AC22400CA2CAC /* Release */ = {
			isa = XCBuildConfiguration;
			baseConfigurationReference = 050B0B4843963AFAFD584347 /* Pods-objective_appTests.release.xcconfig */;
			buildSettings = {
				BUNDLE_LOADER = "$(TEST_HOST)";
				CODE_SIGN_STYLE = Automatic;
				DEVELOPMENT_TEAM = PBZHU7TMH4;
				INFOPLIST_FILE = objective_appTests/Info.plist;
				IPHONEOS_DEPLOYMENT_TARGET = 14.1;
				LD_RUNPATH_SEARCH_PATHS = (
					"$(inherited)",
					"@executable_path/Frameworks",
					"@loader_path/Frameworks",
				);
				PRODUCT_BUNDLE_IDENTIFIER = "com.xlasdc.objective-appTests";
				PRODUCT_NAME = "$(TARGET_NAME)";
				TARGETED_DEVICE_FAMILY = "1,2";
				TEST_HOST = "$(BUILT_PRODUCTS_DIR)/objective_app.app/objective_app";
			};
			name = Release;
		};
		4FC6AF6B254AC22400CA2CAC /* Debug */ = {
			isa = XCBuildConfiguration;
			baseConfigurationReference = 02FD2E2C8E72823BBB77BC19 /* Pods-objective_app-objective_appUITests.debug.xcconfig */;
			buildSettings = {
				CODE_SIGN_STYLE = Automatic;
				DEVELOPMENT_TEAM = PBZHU7TMH4;
				INFOPLIST_FILE = objective_appUITests/Info.plist;
				LD_RUNPATH_SEARCH_PATHS = (
					"$(inherited)",
					"@executable_path/Frameworks",
					"@loader_path/Frameworks",
				);
				PRODUCT_BUNDLE_IDENTIFIER = "com.xlasdc.objective-appUITests";
				PRODUCT_NAME = "$(TARGET_NAME)";
				TARGETED_DEVICE_FAMILY = "1,2";
				TEST_TARGET_NAME = objective_app;
			};
			name = Debug;
		};
		4FC6AF6C254AC22400CA2CAC /* Release */ = {
			isa = XCBuildConfiguration;
			baseConfigurationReference = 144A6FF18C139BE5731898AA /* Pods-objective_app-objective_appUITests.release.xcconfig */;
			buildSettings = {
				CODE_SIGN_STYLE = Automatic;
				DEVELOPMENT_TEAM = PBZHU7TMH4;
				INFOPLIST_FILE = objective_appUITests/Info.plist;
				LD_RUNPATH_SEARCH_PATHS = (
					"$(inherited)",
					"@executable_path/Frameworks",
					"@loader_path/Frameworks",
				);
				PRODUCT_BUNDLE_IDENTIFIER = "com.xlasdc.objective-appUITests";
				PRODUCT_NAME = "$(TARGET_NAME)";
				TARGETED_DEVICE_FAMILY = "1,2";
				TEST_TARGET_NAME = objective_app;
			};
			name = Release;
		};
/* End XCBuildConfiguration section */

/* Begin XCConfigurationList section */
		4FC6AF30254AC21F00CA2CAC /* Build configuration list for PBXProject "objective_app" */ = {
			isa = XCConfigurationList;
			buildConfigurations = (
				4FC6AF62254AC22400CA2CAC /* Debug */,
				4FC6AF63254AC22400CA2CAC /* Release */,
			);
			defaultConfigurationIsVisible = 0;
			defaultConfigurationName = Release;
		};
		4FC6AF64254AC22400CA2CAC /* Build configuration list for PBXNativeTarget "objective_app" */ = {
			isa = XCConfigurationList;
			buildConfigurations = (
				4FC6AF65254AC22400CA2CAC /* Debug */,
				4FC6AF66254AC22400CA2CAC /* Release */,
			);
			defaultConfigurationIsVisible = 0;
			defaultConfigurationName = Release;
		};
		4FC6AF67254AC22400CA2CAC /* Build configuration list for PBXNativeTarget "objective_appTests" */ = {
			isa = XCConfigurationList;
			buildConfigurations = (
				4FC6AF68254AC22400CA2CAC /* Debug */,
				4FC6AF69254AC22400CA2CAC /* Release */,
			);
			defaultConfigurationIsVisible = 0;
			defaultConfigurationName = Release;
		};
		4FC6AF6A254AC22400CA2CAC /* Build configuration list for PBXNativeTarget "objective_appUITests" */ = {
			isa = XCConfigurationList;
			buildConfigurations = (
				4FC6AF6B254AC22400CA2CAC /* Debug */,
				4FC6AF6C254AC22400CA2CAC /* Release */,
			);
			defaultConfigurationIsVisible = 0;
			defaultConfigurationName = Release;
		};
/* End XCConfigurationList section */
	};
	rootObject = 4FC6AF2D254AC21F00CA2CAC /* Project object */;
}
